// !$*UTF8*$!
{
	archiveVersion = 1;
	classes = {
	};
	objectVersion = 45;
	objects = {

/* Begin PBXBuildFile section */
		030F1F471298196E00093ABC /* GameActionSystem.mm in Sources */ = {isa = PBXBuildFile; fileRef = 030F1F461298196E00093ABC /* GameActionSystem.mm */; };
		0320271712A6D5B700225F92 /* Game.mm in Sources */ = {isa = PBXBuildFile; fileRef = 0320271612A6D5B700225F92 /* Game.mm */; };
		0320275912A6DD3500225F92 /* music.mp3 in Resources */ = {isa = PBXBuildFile; fileRef = 0320275812A6DD3500225F92 /* music.mp3 */; };
		03208BF712942AF0009E8AAD /* mockup.png in Resources */ = {isa = PBXBuildFile; fileRef = 03208BF612942AF0009E8AAD /* mockup.png */; };
		03208C3B12942DC8009E8AAD /* game_board.png in Resources */ = {isa = PBXBuildFile; fileRef = 03208C3A12942DC8009E8AAD /* game_board.png */; };
		03208C4A12942E68009E8AAD /* red_blob_anims.png in Resources */ = {isa = PBXBuildFile; fileRef = 03208C4912942E68009E8AAD /* red_blob_anims.png */; };
		03208C4D12942EB0009E8AAD /* blob_factory.mm in Sources */ = {isa = PBXBuildFile; fileRef = 03208C4C12942EB0009E8AAD /* blob_factory.mm */; };
		03208C79129430A8009E8AAD /* GameBoardSystem.mm in Sources */ = {isa = PBXBuildFile; fileRef = 03208C78129430A8009E8AAD /* GameBoardSystem.mm */; };
		03208E1212944DDA009E8AAD /* BlobAnimationSystem.mm in Sources */ = {isa = PBXBuildFile; fileRef = 03208E1112944DDA009E8AAD /* BlobAnimationSystem.mm */; };
		0322FA0212A3D29F00E4BFB4 /* Landung.png in Resources */ = {isa = PBXBuildFile; fileRef = 0322F9F312A3D29F00E4BFB4 /* Landung.png */; };
		0322FAD012A3DD5900E4BFB4 /* BlobConnectionSystem.mm in Sources */ = {isa = PBXBuildFile; fileRef = 0322FACF12A3DD5900E4BFB4 /* BlobConnectionSystem.mm */; };
		033DCBAC128D7C9700C66D74 /* HUDSystem.mm in Sources */ = {isa = PBXBuildFile; fileRef = 033DCB6B128D7C9700C66D74 /* HUDSystem.mm */; };
		033DCBAE128D7C9700C66D74 /* GameLogicSystem.mm in Sources */ = {isa = PBXBuildFile; fileRef = 033DCB71128D7C9700C66D74 /* GameLogicSystem.mm */; };
		033DCBB1128D7C9700C66D74 /* PlayerControlledSystem.mm in Sources */ = {isa = PBXBuildFile; fileRef = 033DCB7C128D7C9700C66D74 /* PlayerControlledSystem.mm */; };
		033DCBBD128D7C9700C66D74 /* Scene.mm in Sources */ = {isa = PBXBuildFile; fileRef = 033DCB9F128D7C9700C66D74 /* Scene.mm */; };
		033DCBC0128D7C9700C66D74 /* globals.mm in Sources */ = {isa = PBXBuildFile; fileRef = 033DCBA5128D7C9700C66D74 /* globals.mm */; };
		033DCC0B128D7D5D00C66D74 /* OpenGLES.framework in Frameworks */ = {isa = PBXBuildFile; fileRef = 033DCC0A128D7D5D00C66D74 /* OpenGLES.framework */; };
		033DCC0D128D7D6F00C66D74 /* QuartzCore.framework in Frameworks */ = {isa = PBXBuildFile; fileRef = 033DCC0C128D7D6F00C66D74 /* QuartzCore.framework */; };
		034F38581292DB0700F54ABA /* GameComponents.mm in Sources */ = {isa = PBXBuildFile; fileRef = 034F38571292DB0700F54ABA /* GameComponents.mm */; };
		03808E3212A80780009F7372 /* Component.mm in Sources */ = {isa = PBXBuildFile; fileRef = 03808DA912A80780009F7372 /* Component.mm */; };
		03808E3312A80780009F7372 /* Entity.mm in Sources */ = {isa = PBXBuildFile; fileRef = 03808DAD12A80780009F7372 /* Entity.mm */; };
		03808E3412A80780009F7372 /* EntityManager.mm in Sources */ = {isa = PBXBuildFile; fileRef = 03808DB012A80780009F7372 /* EntityManager.mm */; };
		03808E3512A80780009F7372 /* CDAudioManager.m in Sources */ = {isa = PBXBuildFile; fileRef = 03808DB512A80780009F7372 /* CDAudioManager.m */; };
		03808E3612A80780009F7372 /* CDOpenALSupport.m in Sources */ = {isa = PBXBuildFile; fileRef = 03808DB812A80780009F7372 /* CDOpenALSupport.m */; };
		03808E3712A80780009F7372 /* CocosDenshion.m in Sources */ = {isa = PBXBuildFile; fileRef = 03808DBA12A80780009F7372 /* CocosDenshion.m */; };
		03808E3812A80780009F7372 /* SimpleAudioEngine.m in Sources */ = {isa = PBXBuildFile; fileRef = 03808DBC12A80780009F7372 /* SimpleAudioEngine.m */; };
		03808E3912A80780009F7372 /* bm_font.mm in Sources */ = {isa = PBXBuildFile; fileRef = 03808DC012A80780009F7372 /* bm_font.mm */; };
		03808E3A12A80780009F7372 /* OBJCTexture2D.mm in Sources */ = {isa = PBXBuildFile; fileRef = 03808DC412A80780009F7372 /* OBJCTexture2D.mm */; };
		03808E3B12A80780009F7372 /* ParticleEmitter.mm in Sources */ = {isa = PBXBuildFile; fileRef = 03808DC712A80780009F7372 /* ParticleEmitter.mm */; };
		03808E3C12A80780009F7372 /* TBXMLParticleAdditions.m in Sources */ = {isa = PBXBuildFile; fileRef = 03808DC912A80780009F7372 /* TBXMLParticleAdditions.m */; };
		03808E3D12A80780009F7372 /* NSDataAdditions.m in Sources */ = {isa = PBXBuildFile; fileRef = 03808DCD12A80780009F7372 /* NSDataAdditions.m */; };
		03808E3E12A80780009F7372 /* TBXML.m in Sources */ = {isa = PBXBuildFile; fileRef = 03808DCF12A80780009F7372 /* TBXML.m */; };
		03808E3F12A80780009F7372 /* RenderDevice.mm in Sources */ = {isa = PBXBuildFile; fileRef = 03808DD112A80780009F7372 /* RenderDevice.mm */; };
		03808E4012A80780009F7372 /* image_DXT.mm in Sources */ = {isa = PBXBuildFile; fileRef = 03808DD412A80780009F7372 /* image_DXT.mm */; };
		03808E4112A80780009F7372 /* image_helper.mm in Sources */ = {isa = PBXBuildFile; fileRef = 03808DD612A80780009F7372 /* image_helper.mm */; };
		03808E4212A80780009F7372 /* SOIL.mm in Sources */ = {isa = PBXBuildFile; fileRef = 03808DD812A80780009F7372 /* SOIL.mm */; };
		03808E4312A80780009F7372 /* stb_image_aug.mm in Sources */ = {isa = PBXBuildFile; fileRef = 03808DDA12A80780009F7372 /* stb_image_aug.mm */; };
		03808E4412A80780009F7372 /* Texture2D.mm in Sources */ = {isa = PBXBuildFile; fileRef = 03808DDE12A80780009F7372 /* Texture2D.mm */; };
		03808E4512A80780009F7372 /* TexturedQuad.mm in Sources */ = {isa = PBXBuildFile; fileRef = 03808DE012A80780009F7372 /* TexturedQuad.mm */; };
		03808E4612A80780009F7372 /* InputDevice.mm in Sources */ = {isa = PBXBuildFile; fileRef = 03808DE312A80780009F7372 /* InputDevice.mm */; };
		03808E4712A80780009F7372 /* EAGLView.mm in Sources */ = {isa = PBXBuildFile; fileRef = 03808DE712A80780009F7372 /* EAGLView.mm */; };
		03808E4812A80780009F7372 /* FacebookSubmitController.m in Sources */ = {isa = PBXBuildFile; fileRef = 03808DEA12A80780009F7372 /* FacebookSubmitController.m */; };
		03808E4912A80780009F7372 /* FacebookSubmitController.xib in Resources */ = {isa = PBXBuildFile; fileRef = 03808DEB12A80780009F7372 /* FacebookSubmitController.xib */; };
		03808E4A12A80780009F7372 /* Facebook.m in Sources */ = {isa = PBXBuildFile; fileRef = 03808DEE12A80780009F7372 /* Facebook.m */; };
		03808E4B12A80780009F7372 /* FBDialog.bundle in Resources */ = {isa = PBXBuildFile; fileRef = 03808DF012A80780009F7372 /* FBDialog.bundle */; };
		03808E4C12A80780009F7372 /* FBDialog.m in Sources */ = {isa = PBXBuildFile; fileRef = 03808DF212A80780009F7372 /* FBDialog.m */; };
		03808E4D12A80780009F7372 /* FBLoginDialog.m in Sources */ = {isa = PBXBuildFile; fileRef = 03808DF412A80780009F7372 /* FBLoginDialog.m */; };
		03808E4E12A80780009F7372 /* FBRequest.m in Sources */ = {isa = PBXBuildFile; fileRef = 03808DF612A80780009F7372 /* FBRequest.m */; };
		03808E4F12A80780009F7372 /* NSObject+SBJSON.m in Sources */ = {isa = PBXBuildFile; fileRef = 03808DFA12A80780009F7372 /* NSObject+SBJSON.m */; };
		03808E5012A80780009F7372 /* NSString+SBJSON.m in Sources */ = {isa = PBXBuildFile; fileRef = 03808DFC12A80780009F7372 /* NSString+SBJSON.m */; };
		03808E5112A80780009F7372 /* SBJSON.m in Sources */ = {isa = PBXBuildFile; fileRef = 03808DFE12A80780009F7372 /* SBJSON.m */; };
		03808E5212A80780009F7372 /* SBJsonBase.m in Sources */ = {isa = PBXBuildFile; fileRef = 03808E0012A80780009F7372 /* SBJsonBase.m */; };
		03808E5312A80780009F7372 /* SBJsonParser.m in Sources */ = {isa = PBXBuildFile; fileRef = 03808E0212A80780009F7372 /* SBJsonParser.m */; };
		03808E5412A80780009F7372 /* SBJsonWriter.m in Sources */ = {isa = PBXBuildFile; fileRef = 03808E0412A80780009F7372 /* SBJsonWriter.m */; };
		03808E5512A80780009F7372 /* MainViewController.mm in Sources */ = {isa = PBXBuildFile; fileRef = 03808E0712A80780009F7372 /* MainViewController.mm */; };
		03808E5612A80780009F7372 /* MainViewController_landscape.xib in Resources */ = {isa = PBXBuildFile; fileRef = 03808E0812A80780009F7372 /* MainViewController_landscape.xib */; };
		03808E5712A80780009F7372 /* MainViewController_portrait.xib in Resources */ = {isa = PBXBuildFile; fileRef = 03808E0912A80780009F7372 /* MainViewController_portrait.xib */; };
		03808E5812A80780009F7372 /* MainWindow.xib in Resources */ = {isa = PBXBuildFile; fileRef = 03808E0A12A80780009F7372 /* MainWindow.xib */; };
		03808E5912A80780009F7372 /* MXAppDelegate.mm in Sources */ = {isa = PBXBuildFile; fileRef = 03808E0C12A80780009F7372 /* MXAppDelegate.mm */; };
		03808E5A12A80780009F7372 /* RenderableManager.mm in Sources */ = {isa = PBXBuildFile; fileRef = 03808E0F12A80780009F7372 /* RenderableManager.mm */; };
		03808E5B12A80780009F7372 /* TextureManager.mm in Sources */ = {isa = PBXBuildFile; fileRef = 03808E1112A80780009F7372 /* TextureManager.mm */; };
		03808E5C12A80780009F7372 /* Timer.mm in Sources */ = {isa = PBXBuildFile; fileRef = 03808E1412A80780009F7372 /* Timer.mm */; };
		03808E5D12A80780009F7372 /* util.cpp in Sources */ = {isa = PBXBuildFile; fileRef = 03808E1512A80780009F7372 /* util.cpp */; };
		03808E5E12A80780009F7372 /* ActionSystem.mm in Sources */ = {isa = PBXBuildFile; fileRef = 03808E1B12A80780009F7372 /* ActionSystem.mm */; };
		03808E5F12A80780009F7372 /* AnimationSystem.mm in Sources */ = {isa = PBXBuildFile; fileRef = 03808E1E12A80780009F7372 /* AnimationSystem.mm */; };
		03808E6012A80780009F7372 /* AttachmentSystem.mm in Sources */ = {isa = PBXBuildFile; fileRef = 03808E2112A80780009F7372 /* AttachmentSystem.mm */; };
		03808E6112A80780009F7372 /* CorpseRetrievalSystem.mm in Sources */ = {isa = PBXBuildFile; fileRef = 03808E2412A80780009F7372 /* CorpseRetrievalSystem.mm */; };
		03808E6212A80780009F7372 /* MovementSystem.mm in Sources */ = {isa = PBXBuildFile; fileRef = 03808E2712A80780009F7372 /* MovementSystem.mm */; };
		03808E6312A80780009F7372 /* ParticleSystem.mm in Sources */ = {isa = PBXBuildFile; fileRef = 03808E2A12A80780009F7372 /* ParticleSystem.mm */; };
		03808E6412A80780009F7372 /* RenderSystem.mm in Sources */ = {isa = PBXBuildFile; fileRef = 03808E2D12A80780009F7372 /* RenderSystem.mm */; };
		03808E6512A80780009F7372 /* SoundSystem.mm in Sources */ = {isa = PBXBuildFile; fileRef = 03808E3012A80780009F7372 /* SoundSystem.mm */; };
		03A847E4128ED43B006EACB3 /* OpenAL.framework in Frameworks */ = {isa = PBXBuildFile; fileRef = 03A847E3128ED43B006EACB3 /* OpenAL.framework */; };
		03B1868512A526800026F38B /* red.png in Resources */ = {isa = PBXBuildFile; fileRef = 03B1868312A526800026F38B /* red.png */; };
		03B1868612A526800026F38B /* yellow.png in Resources */ = {isa = PBXBuildFile; fileRef = 03B1868412A526800026F38B /* yellow.png */; };
		03B1871012A5324B0026F38B /* blue.png in Resources */ = {isa = PBXBuildFile; fileRef = 03B1870D12A5324B0026F38B /* blue.png */; };
		03B1871112A5324B0026F38B /* cyan.png in Resources */ = {isa = PBXBuildFile; fileRef = 03B1870E12A5324B0026F38B /* cyan.png */; };
		03B1871212A5324B0026F38B /* green.png in Resources */ = {isa = PBXBuildFile; fileRef = 03B1870F12A5324B0026F38B /* green.png */; };
		03B841C612A80054008D6D25 /* AppController.m in Sources */ = {isa = PBXBuildFile; fileRef = 03B841C412A80054008D6D25 /* AppController.m */; };
		03D56C41129FF54E00C5AF7C /* libz.dylib in Frameworks */ = {isa = PBXBuildFile; fileRef = 03D56C40129FF54E00C5AF7C /* libz.dylib */; };
		03D56C45129FF58800C5AF7C /* stars.pex in Resources */ = {isa = PBXBuildFile; fileRef = 03D56C44129FF58800C5AF7C /* stars.pex */; };
		03D56E6312A00E8800C5AF7C /* plasmawurst.pex in Resources */ = {isa = PBXBuildFile; fileRef = 03D56E6212A00E8800C5AF7C /* plasmawurst.pex */; };
		03D56EB312A0137000C5AF7C /* explosion.pex in Resources */ = {isa = PBXBuildFile; fileRef = 03D56EB212A0137000C5AF7C /* explosion.pex */; };
		03D56EFF12A016B600C5AF7C /* sun.pex in Resources */ = {isa = PBXBuildFile; fileRef = 03D56EFE12A016B600C5AF7C /* sun.pex */; };
		03D56F1012A0174200C5AF7C /* sun2.pex in Resources */ = {isa = PBXBuildFile; fileRef = 03D56F0F12A0174200C5AF7C /* sun2.pex */; };
		03D56F2412A0182800C5AF7C /* lolpatrol.pex in Resources */ = {isa = PBXBuildFile; fileRef = 03D56F2312A0182800C5AF7C /* lolpatrol.pex */; };
		03D56F6212A01C1E00C5AF7C /* monstah.pex in Resources */ = {isa = PBXBuildFile; fileRef = 03D56F6112A01C1E00C5AF7C /* monstah.pex */; };
		03D56FD712A024C600C5AF7C /* lolsterne.pex in Resources */ = {isa = PBXBuildFile; fileRef = 03D56FD612A024C600C5AF7C /* lolsterne.pex */; };
		03D5702712A02AA500C5AF7C /* bof.pex in Resources */ = {isa = PBXBuildFile; fileRef = 03D5702612A02AA500C5AF7C /* bof.pex */; };
		03D5721812A04F9900C5AF7C /* white.png in Resources */ = {isa = PBXBuildFile; fileRef = 03D5721712A04F9900C5AF7C /* white.png */; };
		03EDF87E128D81B50086763A /* bg.png in Resources */ = {isa = PBXBuildFile; fileRef = 03EDF867128D81B50086763A /* bg.png */; };
		03EDF888128D81B50086763A /* panzer.fnt in Resources */ = {isa = PBXBuildFile; fileRef = 03EDF871128D81B50086763A /* panzer.fnt */; };
		03EDF889128D81B50086763A /* panzer.png in Resources */ = {isa = PBXBuildFile; fileRef = 03EDF872128D81B50086763A /* panzer.png */; };
		03EDF88C128D81B50086763A /* visitor_18.fnt in Resources */ = {isa = PBXBuildFile; fileRef = 03EDF875128D81B50086763A /* visitor_18.fnt */; };
		03EDF88D128D81B50086763A /* visitor_18.png in Resources */ = {isa = PBXBuildFile; fileRef = 03EDF876128D81B50086763A /* visitor_18.png */; };
		03EDF88E128D81B50086763A /* visitor_24.fnt in Resources */ = {isa = PBXBuildFile; fileRef = 03EDF877128D81B50086763A /* visitor_24.fnt */; };
		03EDF88F128D81B50086763A /* visitor_24.png in Resources */ = {isa = PBXBuildFile; fileRef = 03EDF878128D81B50086763A /* visitor_24.png */; };
		03EDF890128D81B50086763A /* visitor_32.fnt in Resources */ = {isa = PBXBuildFile; fileRef = 03EDF879128D81B50086763A /* visitor_32.fnt */; };
		03EDF891128D81B50086763A /* visitor_32.png in Resources */ = {isa = PBXBuildFile; fileRef = 03EDF87A128D81B50086763A /* visitor_32.png */; };
		03EDF892128D81B50086763A /* zomg.fnt in Resources */ = {isa = PBXBuildFile; fileRef = 03EDF87B128D81B50086763A /* zomg.fnt */; };
		03EDF893128D81B50086763A /* zomg.png in Resources */ = {isa = PBXBuildFile; fileRef = 03EDF87C128D81B50086763A /* zomg.png */; };
		03EDF8A9128D822D0086763A /* main.mm in Sources */ = {isa = PBXBuildFile; fileRef = 03EDF8A8128D822D0086763A /* main.mm */; };
		03EDF955128D8EC10086763A /* AVFoundation.framework in Frameworks */ = {isa = PBXBuildFile; fileRef = 03EDF954128D8EC10086763A /* AVFoundation.framework */; };
		03EDF957128D8EC70086763A /* AudioToolbox.framework in Frameworks */ = {isa = PBXBuildFile; fileRef = 03EDF956128D8EC70086763A /* AudioToolbox.framework */; };
		03EDFB3F128DADBA0086763A /* Entitlements.plist in Resources */ = {isa = PBXBuildFile; fileRef = 03EDFB3D128DADBA0086763A /* Entitlements.plist */; };
		03EDFB40128DADBA0086763A /* EntitlementsDebug.plist in Resources */ = {isa = PBXBuildFile; fileRef = 03EDFB3E128DADBA0086763A /* EntitlementsDebug.plist */; };
		03EDFB7B128DB17B0086763A /* Icon.png in Resources */ = {isa = PBXBuildFile; fileRef = 03EDFB7A128DB17B0086763A /* Icon.png */; };
		1D60589F0D05DD5A006BFB54 /* Foundation.framework in Frameworks */ = {isa = PBXBuildFile; fileRef = 1D30AB110D05D00D00671497 /* Foundation.framework */; };
		1DF5F4E00D08C38300B7A737 /* UIKit.framework in Frameworks */ = {isa = PBXBuildFile; fileRef = 1DF5F4DF0D08C38300B7A737 /* UIKit.framework */; };
		288765FD0DF74451002DB57D /* CoreGraphics.framework in Frameworks */ = {isa = PBXBuildFile; fileRef = 288765FC0DF74451002DB57D /* CoreGraphics.framework */; };
/* End PBXBuildFile section */

/* Begin PBXFileReference section */
		030F1F451298196E00093ABC /* GameActionSystem.h */ = {isa = PBXFileReference; fileEncoding = 4; lastKnownFileType = sourcecode.c.h; path = GameActionSystem.h; sourceTree = "<group>"; };
		030F1F461298196E00093ABC /* GameActionSystem.mm */ = {isa = PBXFileReference; fileEncoding = 4; lastKnownFileType = sourcecode.cpp.objcpp; path = GameActionSystem.mm; sourceTree = "<group>"; };
		030F1FB212981F2F00093ABC /* GameActions.h */ = {isa = PBXFileReference; fileEncoding = 4; lastKnownFileType = sourcecode.c.h; path = GameActions.h; sourceTree = "<group>"; };
		0320271512A6D5B700225F92 /* Game.h */ = {isa = PBXFileReference; fileEncoding = 4; lastKnownFileType = sourcecode.c.h; path = Game.h; sourceTree = "<group>"; };
		0320271612A6D5B700225F92 /* Game.mm */ = {isa = PBXFileReference; fileEncoding = 4; lastKnownFileType = sourcecode.cpp.objcpp; path = Game.mm; sourceTree = "<group>"; };
		0320275812A6DD3500225F92 /* music.mp3 */ = {isa = PBXFileReference; lastKnownFileType = audio.mp3; path = music.mp3; sourceTree = "<group>"; };
		03208BF612942AF0009E8AAD /* mockup.png */ = {isa = PBXFileReference; lastKnownFileType = image.png; path = mockup.png; sourceTree = "<group>"; };
		03208C3A12942DC8009E8AAD /* game_board.png */ = {isa = PBXFileReference; lastKnownFileType = image.png; path = game_board.png; sourceTree = "<group>"; };
		03208C4912942E68009E8AAD /* red_blob_anims.png */ = {isa = PBXFileReference; lastKnownFileType = image.png; path = red_blob_anims.png; sourceTree = "<group>"; };
		03208C4B12942EB0009E8AAD /* blob_factory.h */ = {isa = PBXFileReference; fileEncoding = 4; lastKnownFileType = sourcecode.c.h; path = blob_factory.h; sourceTree = "<group>"; };
		03208C4C12942EB0009E8AAD /* blob_factory.mm */ = {isa = PBXFileReference; fileEncoding = 4; lastKnownFileType = sourcecode.cpp.objcpp; path = blob_factory.mm; sourceTree = "<group>"; };
		03208C77129430A8009E8AAD /* GameBoardSystem.h */ = {isa = PBXFileReference; fileEncoding = 4; lastKnownFileType = sourcecode.c.h; path = GameBoardSystem.h; sourceTree = "<group>"; };
		03208C78129430A8009E8AAD /* GameBoardSystem.mm */ = {isa = PBXFileReference; fileEncoding = 4; lastKnownFileType = sourcecode.cpp.objcpp; path = GameBoardSystem.mm; sourceTree = "<group>"; };
		03208E1012944DDA009E8AAD /* BlobAnimationSystem.h */ = {isa = PBXFileReference; fileEncoding = 4; lastKnownFileType = sourcecode.c.h; path = BlobAnimationSystem.h; sourceTree = "<group>"; };
		03208E1112944DDA009E8AAD /* BlobAnimationSystem.mm */ = {isa = PBXFileReference; fileEncoding = 4; lastKnownFileType = sourcecode.cpp.objcpp; path = BlobAnimationSystem.mm; sourceTree = "<group>"; };
		0322F9F312A3D29F00E4BFB4 /* Landung.png */ = {isa = PBXFileReference; lastKnownFileType = image.png; path = Landung.png; sourceTree = "<group>"; };
		0322FACE12A3DD5900E4BFB4 /* BlobConnectionSystem.h */ = {isa = PBXFileReference; fileEncoding = 4; lastKnownFileType = sourcecode.c.h; path = BlobConnectionSystem.h; sourceTree = "<group>"; };
		0322FACF12A3DD5900E4BFB4 /* BlobConnectionSystem.mm */ = {isa = PBXFileReference; fileEncoding = 4; lastKnownFileType = sourcecode.cpp.objcpp; path = BlobConnectionSystem.mm; sourceTree = "<group>"; };
		033DCB6A128D7C9700C66D74 /* HUDSystem.h */ = {isa = PBXFileReference; fileEncoding = 4; lastKnownFileType = sourcecode.c.h; path = HUDSystem.h; sourceTree = "<group>"; };
		033DCB6B128D7C9700C66D74 /* HUDSystem.mm */ = {isa = PBXFileReference; fileEncoding = 4; lastKnownFileType = sourcecode.cpp.objcpp; path = HUDSystem.mm; sourceTree = "<group>"; };
		033DCB70128D7C9700C66D74 /* GameLogicSystem.h */ = {isa = PBXFileReference; fileEncoding = 4; lastKnownFileType = sourcecode.c.h; path = GameLogicSystem.h; sourceTree = "<group>"; };
		033DCB71128D7C9700C66D74 /* GameLogicSystem.mm */ = {isa = PBXFileReference; fileEncoding = 4; lastKnownFileType = sourcecode.cpp.objcpp; path = GameLogicSystem.mm; sourceTree = "<group>"; };
		033DCB7B128D7C9700C66D74 /* PlayerControlledSystem.h */ = {isa = PBXFileReference; fileEncoding = 4; lastKnownFileType = sourcecode.c.h; path = PlayerControlledSystem.h; sourceTree = "<group>"; };
		033DCB7C128D7C9700C66D74 /* PlayerControlledSystem.mm */ = {isa = PBXFileReference; fileEncoding = 4; lastKnownFileType = sourcecode.cpp.objcpp; path = PlayerControlledSystem.mm; sourceTree = "<group>"; };
		033DCB9E128D7C9700C66D74 /* Scene.h */ = {isa = PBXFileReference; fileEncoding = 4; lastKnownFileType = sourcecode.c.h; path = Scene.h; sourceTree = "<group>"; };
		033DCB9F128D7C9700C66D74 /* Scene.mm */ = {isa = PBXFileReference; fileEncoding = 4; lastKnownFileType = sourcecode.cpp.objcpp; path = Scene.mm; sourceTree = "<group>"; };
		033DCBA4128D7C9700C66D74 /* globals.h */ = {isa = PBXFileReference; fileEncoding = 4; lastKnownFileType = sourcecode.c.h; path = globals.h; sourceTree = "<group>"; };
		033DCBA5128D7C9700C66D74 /* globals.mm */ = {isa = PBXFileReference; fileEncoding = 4; lastKnownFileType = sourcecode.cpp.objcpp; path = globals.mm; sourceTree = "<group>"; };
		033DCBD3128D7CB700C66D74 /* Donnerfaust_Prefix.pch */ = {isa = PBXFileReference; fileEncoding = 4; lastKnownFileType = sourcecode.c.h; path = Donnerfaust_Prefix.pch; sourceTree = "<group>"; };
		033DCC0A128D7D5D00C66D74 /* OpenGLES.framework */ = {isa = PBXFileReference; lastKnownFileType = wrapper.framework; name = OpenGLES.framework; path = System/Library/Frameworks/OpenGLES.framework; sourceTree = SDKROOT; };
		033DCC0C128D7D6F00C66D74 /* QuartzCore.framework */ = {isa = PBXFileReference; lastKnownFileType = wrapper.framework; name = QuartzCore.framework; path = System/Library/Frameworks/QuartzCore.framework; sourceTree = SDKROOT; };
		034F38561292DB0700F54ABA /* GameComponents.h */ = {isa = PBXFileReference; fileEncoding = 4; lastKnownFileType = sourcecode.c.h; path = GameComponents.h; sourceTree = "<group>"; };
		034F38571292DB0700F54ABA /* GameComponents.mm */ = {isa = PBXFileReference; fileEncoding = 4; lastKnownFileType = sourcecode.cpp.objcpp; path = GameComponents.mm; sourceTree = "<group>"; };
		03808DA812A80780009F7372 /* Component.h */ = {isa = PBXFileReference; fileEncoding = 4; lastKnownFileType = sourcecode.c.h; path = Component.h; sourceTree = "<group>"; };
		03808DA912A80780009F7372 /* Component.mm */ = {isa = PBXFileReference; fileEncoding = 4; lastKnownFileType = sourcecode.cpp.objcpp; path = Component.mm; sourceTree = "<group>"; };
		03808DAA12A80780009F7372 /* ComponentV3.h */ = {isa = PBXFileReference; fileEncoding = 4; lastKnownFileType = sourcecode.c.h; path = ComponentV3.h; sourceTree = "<group>"; };
		03808DAC12A80780009F7372 /* Entity.h */ = {isa = PBXFileReference; fileEncoding = 4; lastKnownFileType = sourcecode.c.h; path = Entity.h; sourceTree = "<group>"; };
		03808DAD12A80780009F7372 /* Entity.mm */ = {isa = PBXFileReference; fileEncoding = 4; lastKnownFileType = sourcecode.cpp.objcpp; path = Entity.mm; sourceTree = "<group>"; };
		03808DAF12A80780009F7372 /* EntityManager.h */ = {isa = PBXFileReference; fileEncoding = 4; lastKnownFileType = sourcecode.c.h; path = EntityManager.h; sourceTree = "<group>"; };
		03808DB012A80780009F7372 /* EntityManager.mm */ = {isa = PBXFileReference; fileEncoding = 4; lastKnownFileType = sourcecode.cpp.objcpp; path = EntityManager.mm; sourceTree = "<group>"; };
		03808DB412A80780009F7372 /* CDAudioManager.h */ = {isa = PBXFileReference; fileEncoding = 4; lastKnownFileType = sourcecode.c.h; path = CDAudioManager.h; sourceTree = "<group>"; };
		03808DB512A80780009F7372 /* CDAudioManager.m */ = {isa = PBXFileReference; fileEncoding = 4; lastKnownFileType = sourcecode.c.objc; path = CDAudioManager.m; sourceTree = "<group>"; };
		03808DB612A80780009F7372 /* CDConfig.h */ = {isa = PBXFileReference; fileEncoding = 4; lastKnownFileType = sourcecode.c.h; path = CDConfig.h; sourceTree = "<group>"; };
		03808DB712A80780009F7372 /* CDOpenALSupport.h */ = {isa = PBXFileReference; fileEncoding = 4; lastKnownFileType = sourcecode.c.h; path = CDOpenALSupport.h; sourceTree = "<group>"; };
		03808DB812A80780009F7372 /* CDOpenALSupport.m */ = {isa = PBXFileReference; fileEncoding = 4; lastKnownFileType = sourcecode.c.objc; path = CDOpenALSupport.m; sourceTree = "<group>"; };
		03808DB912A80780009F7372 /* CocosDenshion.h */ = {isa = PBXFileReference; fileEncoding = 4; lastKnownFileType = sourcecode.c.h; path = CocosDenshion.h; sourceTree = "<group>"; };
		03808DBA12A80780009F7372 /* CocosDenshion.m */ = {isa = PBXFileReference; fileEncoding = 4; lastKnownFileType = sourcecode.c.objc; path = CocosDenshion.m; sourceTree = "<group>"; };
		03808DBB12A80780009F7372 /* SimpleAudioEngine.h */ = {isa = PBXFileReference; fileEncoding = 4; lastKnownFileType = sourcecode.c.h; path = SimpleAudioEngine.h; sourceTree = "<group>"; };
		03808DBC12A80780009F7372 /* SimpleAudioEngine.m */ = {isa = PBXFileReference; fileEncoding = 4; lastKnownFileType = sourcecode.c.objc; path = SimpleAudioEngine.m; sourceTree = "<group>"; };
		03808DBF12A80780009F7372 /* bm_font.h */ = {isa = PBXFileReference; fileEncoding = 4; lastKnownFileType = sourcecode.c.h; path = bm_font.h; sourceTree = "<group>"; };
		03808DC012A80780009F7372 /* bm_font.mm */ = {isa = PBXFileReference; fileEncoding = 4; lastKnownFileType = sourcecode.cpp.objcpp; path = bm_font.mm; sourceTree = "<group>"; };
		03808DC212A80780009F7372 /* Global.h */ = {isa = PBXFileReference; fileEncoding = 4; lastKnownFileType = sourcecode.c.h; path = Global.h; sourceTree = "<group>"; };
		03808DC312A80780009F7372 /* OBJCTexture2D.h */ = {isa = PBXFileReference; fileEncoding = 4; lastKnownFileType = sourcecode.c.h; path = OBJCTexture2D.h; sourceTree = "<group>"; };
		03808DC412A80780009F7372 /* OBJCTexture2D.mm */ = {isa = PBXFileReference; fileEncoding = 4; lastKnownFileType = sourcecode.cpp.objcpp; path = OBJCTexture2D.mm; sourceTree = "<group>"; };
		03808DC612A80780009F7372 /* ParticleEmitter.h */ = {isa = PBXFileReference; fileEncoding = 4; lastKnownFileType = sourcecode.c.h; path = ParticleEmitter.h; sourceTree = "<group>"; };
		03808DC712A80780009F7372 /* ParticleEmitter.mm */ = {isa = PBXFileReference; fileEncoding = 4; lastKnownFileType = sourcecode.cpp.objcpp; path = ParticleEmitter.mm; sourceTree = "<group>"; };
		03808DC812A80780009F7372 /* TBXMLParticleAdditions.h */ = {isa = PBXFileReference; fileEncoding = 4; lastKnownFileType = sourcecode.c.h; path = TBXMLParticleAdditions.h; sourceTree = "<group>"; };
		03808DC912A80780009F7372 /* TBXMLParticleAdditions.m */ = {isa = PBXFileReference; fileEncoding = 4; lastKnownFileType = sourcecode.c.objc; path = TBXMLParticleAdditions.m; sourceTree = "<group>"; };
		03808DCA12A80780009F7372 /* Structures.h */ = {isa = PBXFileReference; fileEncoding = 4; lastKnownFileType = sourcecode.c.h; path = Structures.h; sourceTree = "<group>"; };
		03808DCC12A80780009F7372 /* NSDataAdditions.h */ = {isa = PBXFileReference; fileEncoding = 4; lastKnownFileType = sourcecode.c.h; path = NSDataAdditions.h; sourceTree = "<group>"; };
		03808DCD12A80780009F7372 /* NSDataAdditions.m */ = {isa = PBXFileReference; fileEncoding = 4; lastKnownFileType = sourcecode.c.objc; path = NSDataAdditions.m; sourceTree = "<group>"; };
		03808DCE12A80780009F7372 /* TBXML.h */ = {isa = PBXFileReference; fileEncoding = 4; lastKnownFileType = sourcecode.c.h; path = TBXML.h; sourceTree = "<group>"; };
		03808DCF12A80780009F7372 /* TBXML.m */ = {isa = PBXFileReference; fileEncoding = 4; lastKnownFileType = sourcecode.c.objc; path = TBXML.m; sourceTree = "<group>"; };
		03808DD012A80780009F7372 /* RenderDevice.h */ = {isa = PBXFileReference; fileEncoding = 4; lastKnownFileType = sourcecode.c.h; path = RenderDevice.h; sourceTree = "<group>"; };
		03808DD112A80780009F7372 /* RenderDevice.mm */ = {isa = PBXFileReference; fileEncoding = 4; lastKnownFileType = sourcecode.cpp.objcpp; path = RenderDevice.mm; sourceTree = "<group>"; };
		03808DD312A80780009F7372 /* image_DXT.h */ = {isa = PBXFileReference; fileEncoding = 4; lastKnownFileType = sourcecode.c.h; path = image_DXT.h; sourceTree = "<group>"; };
		03808DD412A80780009F7372 /* image_DXT.mm */ = {isa = PBXFileReference; fileEncoding = 4; lastKnownFileType = sourcecode.cpp.objcpp; path = image_DXT.mm; sourceTree = "<group>"; };
		03808DD512A80780009F7372 /* image_helper.h */ = {isa = PBXFileReference; fileEncoding = 4; lastKnownFileType = sourcecode.c.h; path = image_helper.h; sourceTree = "<group>"; };
		03808DD612A80780009F7372 /* image_helper.mm */ = {isa = PBXFileReference; fileEncoding = 4; lastKnownFileType = sourcecode.cpp.objcpp; path = image_helper.mm; sourceTree = "<group>"; };
		03808DD712A80780009F7372 /* SOIL.h */ = {isa = PBXFileReference; fileEncoding = 4; lastKnownFileType = sourcecode.c.h; path = SOIL.h; sourceTree = "<group>"; };
		03808DD812A80780009F7372 /* SOIL.mm */ = {isa = PBXFileReference; fileEncoding = 4; lastKnownFileType = sourcecode.cpp.objcpp; path = SOIL.mm; sourceTree = "<group>"; };
		03808DD912A80780009F7372 /* stb_image_aug.h */ = {isa = PBXFileReference; fileEncoding = 4; lastKnownFileType = sourcecode.c.h; path = stb_image_aug.h; sourceTree = "<group>"; };
		03808DDA12A80780009F7372 /* stb_image_aug.mm */ = {isa = PBXFileReference; fileEncoding = 4; lastKnownFileType = sourcecode.cpp.objcpp; path = stb_image_aug.mm; sourceTree = "<group>"; };
		03808DDB12A80780009F7372 /* stbi_DDS_aug.h */ = {isa = PBXFileReference; fileEncoding = 4; lastKnownFileType = sourcecode.c.h; path = stbi_DDS_aug.h; sourceTree = "<group>"; };
		03808DDC12A80780009F7372 /* stbi_DDS_aug_c.h */ = {isa = PBXFileReference; fileEncoding = 4; lastKnownFileType = sourcecode.c.h; path = stbi_DDS_aug_c.h; sourceTree = "<group>"; };
		03808DDD12A80780009F7372 /* Texture2D.h */ = {isa = PBXFileReference; fileEncoding = 4; lastKnownFileType = sourcecode.c.h; path = Texture2D.h; sourceTree = "<group>"; };
		03808DDE12A80780009F7372 /* Texture2D.mm */ = {isa = PBXFileReference; fileEncoding = 4; lastKnownFileType = sourcecode.cpp.objcpp; path = Texture2D.mm; sourceTree = "<group>"; };
		03808DDF12A80780009F7372 /* TexturedQuad.h */ = {isa = PBXFileReference; fileEncoding = 4; lastKnownFileType = sourcecode.c.h; path = TexturedQuad.h; sourceTree = "<group>"; };
		03808DE012A80780009F7372 /* TexturedQuad.mm */ = {isa = PBXFileReference; fileEncoding = 4; lastKnownFileType = sourcecode.cpp.objcpp; path = TexturedQuad.mm; sourceTree = "<group>"; };
		03808DE212A80780009F7372 /* InputDevice.h */ = {isa = PBXFileReference; fileEncoding = 4; lastKnownFileType = sourcecode.c.h; path = InputDevice.h; sourceTree = "<group>"; };
		03808DE312A80780009F7372 /* InputDevice.mm */ = {isa = PBXFileReference; fileEncoding = 4; lastKnownFileType = sourcecode.cpp.objcpp; path = InputDevice.mm; sourceTree = "<group>"; };
		03808DE612A80780009F7372 /* EAGLView.h */ = {isa = PBXFileReference; fileEncoding = 4; lastKnownFileType = sourcecode.c.h; path = EAGLView.h; sourceTree = "<group>"; };
		03808DE712A80780009F7372 /* EAGLView.mm */ = {isa = PBXFileReference; fileEncoding = 4; lastKnownFileType = sourcecode.cpp.objcpp; path = EAGLView.mm; sourceTree = "<group>"; };
		03808DE912A80780009F7372 /* FacebookSubmitController.h */ = {isa = PBXFileReference; fileEncoding = 4; lastKnownFileType = sourcecode.c.h; path = FacebookSubmitController.h; sourceTree = "<group>"; };
		03808DEA12A80780009F7372 /* FacebookSubmitController.m */ = {isa = PBXFileReference; fileEncoding = 4; lastKnownFileType = sourcecode.c.objc; path = FacebookSubmitController.m; sourceTree = "<group>"; };
		03808DEB12A80780009F7372 /* FacebookSubmitController.xib */ = {isa = PBXFileReference; lastKnownFileType = file.xib; path = FacebookSubmitController.xib; sourceTree = "<group>"; };
		03808DED12A80780009F7372 /* Facebook.h */ = {isa = PBXFileReference; fileEncoding = 4; lastKnownFileType = sourcecode.c.h; path = Facebook.h; sourceTree = "<group>"; };
		03808DEE12A80780009F7372 /* Facebook.m */ = {isa = PBXFileReference; fileEncoding = 4; lastKnownFileType = sourcecode.c.objc; path = Facebook.m; sourceTree = "<group>"; };
		03808DEF12A80780009F7372 /* FBConnect.h */ = {isa = PBXFileReference; fileEncoding = 4; lastKnownFileType = sourcecode.c.h; path = FBConnect.h; sourceTree = "<group>"; };
		03808DF012A80780009F7372 /* FBDialog.bundle */ = {isa = PBXFileReference; lastKnownFileType = "wrapper.plug-in"; path = FBDialog.bundle; sourceTree = "<group>"; };
		03808DF112A80780009F7372 /* FBDialog.h */ = {isa = PBXFileReference; fileEncoding = 4; lastKnownFileType = sourcecode.c.h; path = FBDialog.h; sourceTree = "<group>"; };
		03808DF212A80780009F7372 /* FBDialog.m */ = {isa = PBXFileReference; fileEncoding = 4; lastKnownFileType = sourcecode.c.objc; path = FBDialog.m; sourceTree = "<group>"; };
		03808DF312A80780009F7372 /* FBLoginDialog.h */ = {isa = PBXFileReference; fileEncoding = 4; lastKnownFileType = sourcecode.c.h; path = FBLoginDialog.h; sourceTree = "<group>"; };
		03808DF412A80780009F7372 /* FBLoginDialog.m */ = {isa = PBXFileReference; fileEncoding = 4; lastKnownFileType = sourcecode.c.objc; path = FBLoginDialog.m; sourceTree = "<group>"; };
		03808DF512A80780009F7372 /* FBRequest.h */ = {isa = PBXFileReference; fileEncoding = 4; lastKnownFileType = sourcecode.c.h; path = FBRequest.h; sourceTree = "<group>"; };
		03808DF612A80780009F7372 /* FBRequest.m */ = {isa = PBXFileReference; fileEncoding = 4; lastKnownFileType = sourcecode.c.objc; path = FBRequest.m; sourceTree = "<group>"; };
		03808DF812A80780009F7372 /* JSON.h */ = {isa = PBXFileReference; fileEncoding = 4; lastKnownFileType = sourcecode.c.h; path = JSON.h; sourceTree = "<group>"; };
		03808DF912A80780009F7372 /* NSObject+SBJSON.h */ = {isa = PBXFileReference; fileEncoding = 4; lastKnownFileType = sourcecode.c.h; path = "NSObject+SBJSON.h"; sourceTree = "<group>"; };
		03808DFA12A80780009F7372 /* NSObject+SBJSON.m */ = {isa = PBXFileReference; fileEncoding = 4; lastKnownFileType = sourcecode.c.objc; path = "NSObject+SBJSON.m"; sourceTree = "<group>"; };
		03808DFB12A80780009F7372 /* NSString+SBJSON.h */ = {isa = PBXFileReference; fileEncoding = 4; lastKnownFileType = sourcecode.c.h; path = "NSString+SBJSON.h"; sourceTree = "<group>"; };
		03808DFC12A80780009F7372 /* NSString+SBJSON.m */ = {isa = PBXFileReference; fileEncoding = 4; lastKnownFileType = sourcecode.c.objc; path = "NSString+SBJSON.m"; sourceTree = "<group>"; };
		03808DFD12A80780009F7372 /* SBJSON.h */ = {isa = PBXFileReference; fileEncoding = 4; lastKnownFileType = sourcecode.c.h; path = SBJSON.h; sourceTree = "<group>"; };
		03808DFE12A80780009F7372 /* SBJSON.m */ = {isa = PBXFileReference; fileEncoding = 4; lastKnownFileType = sourcecode.c.objc; path = SBJSON.m; sourceTree = "<group>"; };
		03808DFF12A80780009F7372 /* SBJsonBase.h */ = {isa = PBXFileReference; fileEncoding = 4; lastKnownFileType = sourcecode.c.h; path = SBJsonBase.h; sourceTree = "<group>"; };
		03808E0012A80780009F7372 /* SBJsonBase.m */ = {isa = PBXFileReference; fileEncoding = 4; lastKnownFileType = sourcecode.c.objc; path = SBJsonBase.m; sourceTree = "<group>"; };
		03808E0112A80780009F7372 /* SBJsonParser.h */ = {isa = PBXFileReference; fileEncoding = 4; lastKnownFileType = sourcecode.c.h; path = SBJsonParser.h; sourceTree = "<group>"; };
		03808E0212A80780009F7372 /* SBJsonParser.m */ = {isa = PBXFileReference; fileEncoding = 4; lastKnownFileType = sourcecode.c.objc; path = SBJsonParser.m; sourceTree = "<group>"; };
		03808E0312A80780009F7372 /* SBJsonWriter.h */ = {isa = PBXFileReference; fileEncoding = 4; lastKnownFileType = sourcecode.c.h; path = SBJsonWriter.h; sourceTree = "<group>"; };
		03808E0412A80780009F7372 /* SBJsonWriter.m */ = {isa = PBXFileReference; fileEncoding = 4; lastKnownFileType = sourcecode.c.objc; path = SBJsonWriter.m; sourceTree = "<group>"; };
		03808E0612A80780009F7372 /* MainViewController.h */ = {isa = PBXFileReference; fileEncoding = 4; lastKnownFileType = sourcecode.c.h; path = MainViewController.h; sourceTree = "<group>"; };
		03808E0712A80780009F7372 /* MainViewController.mm */ = {isa = PBXFileReference; fileEncoding = 4; lastKnownFileType = sourcecode.cpp.objcpp; path = MainViewController.mm; sourceTree = "<group>"; };
		03808E0812A80780009F7372 /* MainViewController_landscape.xib */ = {isa = PBXFileReference; lastKnownFileType = file.xib; path = MainViewController_landscape.xib; sourceTree = "<group>"; };
		03808E0912A80780009F7372 /* MainViewController_portrait.xib */ = {isa = PBXFileReference; lastKnownFileType = file.xib; path = MainViewController_portrait.xib; sourceTree = "<group>"; };
		03808E0A12A80780009F7372 /* MainWindow.xib */ = {isa = PBXFileReference; lastKnownFileType = file.xib; path = MainWindow.xib; sourceTree = "<group>"; };
		03808E0B12A80780009F7372 /* MXAppDelegate.h */ = {isa = PBXFileReference; fileEncoding = 4; lastKnownFileType = sourcecode.c.h; path = MXAppDelegate.h; sourceTree = "<group>"; };
		03808E0C12A80780009F7372 /* MXAppDelegate.mm */ = {isa = PBXFileReference; fileEncoding = 4; lastKnownFileType = sourcecode.cpp.objcpp; path = MXAppDelegate.mm; sourceTree = "<group>"; };
		03808E0E12A80780009F7372 /* RenderableManager.h */ = {isa = PBXFileReference; fileEncoding = 4; lastKnownFileType = sourcecode.c.h; path = RenderableManager.h; sourceTree = "<group>"; };
		03808E0F12A80780009F7372 /* RenderableManager.mm */ = {isa = PBXFileReference; fileEncoding = 4; lastKnownFileType = sourcecode.cpp.objcpp; path = RenderableManager.mm; sourceTree = "<group>"; };
		03808E1012A80780009F7372 /* TextureManager.h */ = {isa = PBXFileReference; fileEncoding = 4; lastKnownFileType = sourcecode.c.h; path = TextureManager.h; sourceTree = "<group>"; };
		03808E1112A80780009F7372 /* TextureManager.mm */ = {isa = PBXFileReference; fileEncoding = 4; lastKnownFileType = sourcecode.cpp.objcpp; path = TextureManager.mm; sourceTree = "<group>"; };
		03808E1312A80780009F7372 /* Timer.h */ = {isa = PBXFileReference; fileEncoding = 4; lastKnownFileType = sourcecode.c.h; path = Timer.h; sourceTree = "<group>"; };
		03808E1412A80780009F7372 /* Timer.mm */ = {isa = PBXFileReference; fileEncoding = 4; lastKnownFileType = sourcecode.cpp.objcpp; path = Timer.mm; sourceTree = "<group>"; };
		03808E1512A80780009F7372 /* util.cpp */ = {isa = PBXFileReference; fileEncoding = 4; lastKnownFileType = sourcecode.cpp.cpp; path = util.cpp; sourceTree = "<group>"; };
		03808E1612A80780009F7372 /* util.h */ = {isa = PBXFileReference; fileEncoding = 4; lastKnownFileType = sourcecode.c.h; path = util.h; sourceTree = "<group>"; };
		03808E1912A80780009F7372 /* Actions.h */ = {isa = PBXFileReference; fileEncoding = 4; lastKnownFileType = sourcecode.c.h; path = Actions.h; sourceTree = "<group>"; };
		03808E1A12A80780009F7372 /* ActionSystem.h */ = {isa = PBXFileReference; fileEncoding = 4; lastKnownFileType = sourcecode.c.h; path = ActionSystem.h; sourceTree = "<group>"; };
		03808E1B12A80780009F7372 /* ActionSystem.mm */ = {isa = PBXFileReference; fileEncoding = 4; lastKnownFileType = sourcecode.cpp.objcpp; path = ActionSystem.mm; sourceTree = "<group>"; };
		03808E1D12A80780009F7372 /* AnimationSystem.h */ = {isa = PBXFileReference; fileEncoding = 4; lastKnownFileType = sourcecode.c.h; path = AnimationSystem.h; sourceTree = "<group>"; };
		03808E1E12A80780009F7372 /* AnimationSystem.mm */ = {isa = PBXFileReference; fileEncoding = 4; lastKnownFileType = sourcecode.cpp.objcpp; path = AnimationSystem.mm; sourceTree = "<group>"; };
		03808E2012A80780009F7372 /* AttachmentSystem.h */ = {isa = PBXFileReference; fileEncoding = 4; lastKnownFileType = sourcecode.c.h; path = AttachmentSystem.h; sourceTree = "<group>"; };
		03808E2112A80780009F7372 /* AttachmentSystem.mm */ = {isa = PBXFileReference; fileEncoding = 4; lastKnownFileType = sourcecode.cpp.objcpp; path = AttachmentSystem.mm; sourceTree = "<group>"; };
		03808E2312A80780009F7372 /* CorpseRetrievalSystem.h */ = {isa = PBXFileReference; fileEncoding = 4; lastKnownFileType = sourcecode.c.h; path = CorpseRetrievalSystem.h; sourceTree = "<group>"; };
		03808E2412A80780009F7372 /* CorpseRetrievalSystem.mm */ = {isa = PBXFileReference; fileEncoding = 4; lastKnownFileType = sourcecode.cpp.objcpp; path = CorpseRetrievalSystem.mm; sourceTree = "<group>"; };
		03808E2612A80780009F7372 /* MovementSystem.h */ = {isa = PBXFileReference; fileEncoding = 4; lastKnownFileType = sourcecode.c.h; path = MovementSystem.h; sourceTree = "<group>"; };
		03808E2712A80780009F7372 /* MovementSystem.mm */ = {isa = PBXFileReference; fileEncoding = 4; lastKnownFileType = sourcecode.cpp.objcpp; path = MovementSystem.mm; sourceTree = "<group>"; };
		03808E2912A80780009F7372 /* ParticleSystem.h */ = {isa = PBXFileReference; fileEncoding = 4; lastKnownFileType = sourcecode.c.h; path = ParticleSystem.h; sourceTree = "<group>"; };
		03808E2A12A80780009F7372 /* ParticleSystem.mm */ = {isa = PBXFileReference; fileEncoding = 4; lastKnownFileType = sourcecode.cpp.objcpp; path = ParticleSystem.mm; sourceTree = "<group>"; };
		03808E2C12A80780009F7372 /* RenderSystem.h */ = {isa = PBXFileReference; fileEncoding = 4; lastKnownFileType = sourcecode.c.h; path = RenderSystem.h; sourceTree = "<group>"; };
		03808E2D12A80780009F7372 /* RenderSystem.mm */ = {isa = PBXFileReference; fileEncoding = 4; lastKnownFileType = sourcecode.cpp.objcpp; path = RenderSystem.mm; sourceTree = "<group>"; };
		03808E2F12A80780009F7372 /* SoundSystem.h */ = {isa = PBXFileReference; fileEncoding = 4; lastKnownFileType = sourcecode.c.h; path = SoundSystem.h; sourceTree = "<group>"; };
		03808E3012A80780009F7372 /* SoundSystem.mm */ = {isa = PBXFileReference; fileEncoding = 4; lastKnownFileType = sourcecode.cpp.objcpp; path = SoundSystem.mm; sourceTree = "<group>"; };
		03808E3112A80780009F7372 /* types.h */ = {isa = PBXFileReference; fileEncoding = 4; lastKnownFileType = sourcecode.c.h; path = types.h; sourceTree = "<group>"; };
		03A847E3128ED43B006EACB3 /* OpenAL.framework */ = {isa = PBXFileReference; lastKnownFileType = wrapper.framework; name = OpenAL.framework; path = System/Library/Frameworks/OpenAL.framework; sourceTree = SDKROOT; };
		03B1868312A526800026F38B /* red.png */ = {isa = PBXFileReference; lastKnownFileType = image.png; path = red.png; sourceTree = "<group>"; };
		03B1868412A526800026F38B /* yellow.png */ = {isa = PBXFileReference; lastKnownFileType = image.png; path = yellow.png; sourceTree = "<group>"; };
		03B1870D12A5324B0026F38B /* blue.png */ = {isa = PBXFileReference; lastKnownFileType = image.png; path = blue.png; sourceTree = "<group>"; };
		03B1870E12A5324B0026F38B /* cyan.png */ = {isa = PBXFileReference; lastKnownFileType = image.png; path = cyan.png; sourceTree = "<group>"; };
		03B1870F12A5324B0026F38B /* green.png */ = {isa = PBXFileReference; lastKnownFileType = image.png; path = green.png; sourceTree = "<group>"; };
		03B841C312A80054008D6D25 /* AppController.h */ = {isa = PBXFileReference; fileEncoding = 4; lastKnownFileType = sourcecode.c.h; path = AppController.h; sourceTree = "<group>"; };
		03B841C412A80054008D6D25 /* AppController.m */ = {isa = PBXFileReference; fileEncoding = 4; lastKnownFileType = sourcecode.c.objc; path = AppController.m; sourceTree = "<group>"; };
		03B841C512A80054008D6D25 /* SystemConfig.h */ = {isa = PBXFileReference; fileEncoding = 4; lastKnownFileType = sourcecode.c.h; path = SystemConfig.h; sourceTree = "<group>"; };
		03D56C40129FF54E00C5AF7C /* libz.dylib */ = {isa = PBXFileReference; lastKnownFileType = "compiled.mach-o.dylib"; name = libz.dylib; path = usr/lib/libz.dylib; sourceTree = SDKROOT; };
		03D56C44129FF58800C5AF7C /* stars.pex */ = {isa = PBXFileReference; fileEncoding = 4; lastKnownFileType = text; path = stars.pex; sourceTree = "<group>"; };
		03D56E6212A00E8800C5AF7C /* plasmawurst.pex */ = {isa = PBXFileReference; fileEncoding = 4; lastKnownFileType = text; path = plasmawurst.pex; sourceTree = "<group>"; };
		03D56EB212A0137000C5AF7C /* explosion.pex */ = {isa = PBXFileReference; fileEncoding = 4; lastKnownFileType = text; path = explosion.pex; sourceTree = "<group>"; };
		03D56EFE12A016B600C5AF7C /* sun.pex */ = {isa = PBXFileReference; fileEncoding = 4; lastKnownFileType = text; path = sun.pex; sourceTree = "<group>"; };
		03D56F0F12A0174200C5AF7C /* sun2.pex */ = {isa = PBXFileReference; fileEncoding = 4; lastKnownFileType = text; path = sun2.pex; sourceTree = "<group>"; };
		03D56F2312A0182800C5AF7C /* lolpatrol.pex */ = {isa = PBXFileReference; fileEncoding = 4; lastKnownFileType = text; path = lolpatrol.pex; sourceTree = "<group>"; };
		03D56F6112A01C1E00C5AF7C /* monstah.pex */ = {isa = PBXFileReference; fileEncoding = 4; lastKnownFileType = text; path = monstah.pex; sourceTree = "<group>"; };
		03D56FD612A024C600C5AF7C /* lolsterne.pex */ = {isa = PBXFileReference; fileEncoding = 4; lastKnownFileType = text; path = lolsterne.pex; sourceTree = "<group>"; };
		03D5702612A02AA500C5AF7C /* bof.pex */ = {isa = PBXFileReference; fileEncoding = 4; lastKnownFileType = text; path = bof.pex; sourceTree = "<group>"; };
		03D5721712A04F9900C5AF7C /* white.png */ = {isa = PBXFileReference; lastKnownFileType = image.png; path = white.png; sourceTree = "<group>"; };
		03EDF867128D81B50086763A /* bg.png */ = {isa = PBXFileReference; lastKnownFileType = image.png; path = bg.png; sourceTree = "<group>"; };
		03EDF871128D81B50086763A /* panzer.fnt */ = {isa = PBXFileReference; fileEncoding = 4; lastKnownFileType = text; path = panzer.fnt; sourceTree = "<group>"; };
		03EDF872128D81B50086763A /* panzer.png */ = {isa = PBXFileReference; lastKnownFileType = image.png; path = panzer.png; sourceTree = "<group>"; };
		03EDF875128D81B50086763A /* visitor_18.fnt */ = {isa = PBXFileReference; fileEncoding = 4; lastKnownFileType = text; path = visitor_18.fnt; sourceTree = "<group>"; };
		03EDF876128D81B50086763A /* visitor_18.png */ = {isa = PBXFileReference; lastKnownFileType = image.png; path = visitor_18.png; sourceTree = "<group>"; };
		03EDF877128D81B50086763A /* visitor_24.fnt */ = {isa = PBXFileReference; fileEncoding = 4; lastKnownFileType = text; path = visitor_24.fnt; sourceTree = "<group>"; };
		03EDF878128D81B50086763A /* visitor_24.png */ = {isa = PBXFileReference; lastKnownFileType = image.png; path = visitor_24.png; sourceTree = "<group>"; };
		03EDF879128D81B50086763A /* visitor_32.fnt */ = {isa = PBXFileReference; fileEncoding = 4; lastKnownFileType = text; path = visitor_32.fnt; sourceTree = "<group>"; };
		03EDF87A128D81B50086763A /* visitor_32.png */ = {isa = PBXFileReference; lastKnownFileType = image.png; path = visitor_32.png; sourceTree = "<group>"; };
		03EDF87B128D81B50086763A /* zomg.fnt */ = {isa = PBXFileReference; fileEncoding = 4; lastKnownFileType = text; path = zomg.fnt; sourceTree = "<group>"; };
		03EDF87C128D81B50086763A /* zomg.png */ = {isa = PBXFileReference; lastKnownFileType = image.png; path = zomg.png; sourceTree = "<group>"; };
		03EDF8A8128D822D0086763A /* main.mm */ = {isa = PBXFileReference; fileEncoding = 4; lastKnownFileType = sourcecode.cpp.objcpp; path = main.mm; sourceTree = "<group>"; };
		03EDF954128D8EC10086763A /* AVFoundation.framework */ = {isa = PBXFileReference; lastKnownFileType = wrapper.framework; name = AVFoundation.framework; path = System/Library/Frameworks/AVFoundation.framework; sourceTree = SDKROOT; };
		03EDF956128D8EC70086763A /* AudioToolbox.framework */ = {isa = PBXFileReference; lastKnownFileType = wrapper.framework; name = AudioToolbox.framework; path = System/Library/Frameworks/AudioToolbox.framework; sourceTree = SDKROOT; };
		03EDFB3D128DADBA0086763A /* Entitlements.plist */ = {isa = PBXFileReference; fileEncoding = 4; lastKnownFileType = text.plist.xml; path = Entitlements.plist; sourceTree = "<group>"; };
		03EDFB3E128DADBA0086763A /* EntitlementsDebug.plist */ = {isa = PBXFileReference; fileEncoding = 4; lastKnownFileType = text.plist.xml; path = EntitlementsDebug.plist; sourceTree = "<group>"; };
		03EDFB7A128DB17B0086763A /* Icon.png */ = {isa = PBXFileReference; lastKnownFileType = image.png; path = Icon.png; sourceTree = "<group>"; };
		03EDFB96128DB2780086763A /* Donnerfaust-Info.plist */ = {isa = PBXFileReference; fileEncoding = 4; lastKnownFileType = text.plist.xml; path = "Donnerfaust-Info.plist"; sourceTree = "<group>"; };
		1D30AB110D05D00D00671497 /* Foundation.framework */ = {isa = PBXFileReference; lastKnownFileType = wrapper.framework; name = Foundation.framework; path = System/Library/Frameworks/Foundation.framework; sourceTree = SDKROOT; };
		1D6058910D05DD3D006BFB54 /* Donnerfaust.app */ = {isa = PBXFileReference; explicitFileType = wrapper.application; includeInIndex = 0; path = Donnerfaust.app; sourceTree = BUILT_PRODUCTS_DIR; };
		1DF5F4DF0D08C38300B7A737 /* UIKit.framework */ = {isa = PBXFileReference; lastKnownFileType = wrapper.framework; name = UIKit.framework; path = System/Library/Frameworks/UIKit.framework; sourceTree = SDKROOT; };
		288765FC0DF74451002DB57D /* CoreGraphics.framework */ = {isa = PBXFileReference; lastKnownFileType = wrapper.framework; name = CoreGraphics.framework; path = System/Library/Frameworks/CoreGraphics.framework; sourceTree = SDKROOT; };
/* End PBXFileReference section */

/* Begin PBXFrameworksBuildPhase section */
		1D60588F0D05DD3D006BFB54 /* Frameworks */ = {
			isa = PBXFrameworksBuildPhase;
			buildActionMask = 2147483647;
			files = (
				1D60589F0D05DD5A006BFB54 /* Foundation.framework in Frameworks */,
				1DF5F4E00D08C38300B7A737 /* UIKit.framework in Frameworks */,
				288765FD0DF74451002DB57D /* CoreGraphics.framework in Frameworks */,
				033DCC0B128D7D5D00C66D74 /* OpenGLES.framework in Frameworks */,
				033DCC0D128D7D6F00C66D74 /* QuartzCore.framework in Frameworks */,
				03EDF955128D8EC10086763A /* AVFoundation.framework in Frameworks */,
				03EDF957128D8EC70086763A /* AudioToolbox.framework in Frameworks */,
				03A847E4128ED43B006EACB3 /* OpenAL.framework in Frameworks */,
				03D56C41129FF54E00C5AF7C /* libz.dylib in Frameworks */,
			);
			runOnlyForDeploymentPostprocessing = 0;
		};
/* End PBXFrameworksBuildPhase section */

/* Begin PBXGroup section */
		030F1F441298196000093ABC /* Game Action System */ = {
			isa = PBXGroup;
			children = (
				030F1F451298196E00093ABC /* GameActionSystem.h */,
				030F1F461298196E00093ABC /* GameActionSystem.mm */,
				030F1FB212981F2F00093ABC /* GameActions.h */,
			);
			name = "Game Action System";
			sourceTree = "<group>";
		};
		0320275312A6DB1A00225F92 /* GAME LOOP + CO */ = {
			isa = PBXGroup;
			children = (
				0320271512A6D5B700225F92 /* Game.h */,
				0320271612A6D5B700225F92 /* Game.mm */,
			);
			name = "GAME LOOP + CO";
			sourceTree = "<group>";
		};
		03208C7612943098009E8AAD /* GameBoardSystem */ = {
			isa = PBXGroup;
			children = (
				03208C77129430A8009E8AAD /* GameBoardSystem.h */,
				03208C78129430A8009E8AAD /* GameBoardSystem.mm */,
			);
			name = GameBoardSystem;
			sourceTree = "<group>";
		};
		03208E0F12944DC8009E8AAD /* BlobAnimationSystem */ = {
			isa = PBXGroup;
			children = (
				03208E1012944DDA009E8AAD /* BlobAnimationSystem.h */,
				03208E1112944DDA009E8AAD /* BlobAnimationSystem.mm */,
			);
			name = BlobAnimationSystem;
			sourceTree = "<group>";
		};
		0322FACD12A3DD4900E4BFB4 /* BlobConnectionSystem */ = {
			isa = PBXGroup;
			children = (
				0322FACE12A3DD5900E4BFB4 /* BlobConnectionSystem.h */,
				0322FACF12A3DD5900E4BFB4 /* BlobConnectionSystem.mm */,
			);
			name = BlobConnectionSystem;
			sourceTree = "<group>";
		};
		033DCB69128D7C9700C66D74 /* HUD System */ = {
			isa = PBXGroup;
			children = (
				033DCB6A128D7C9700C66D74 /* HUDSystem.h */,
				033DCB6B128D7C9700C66D74 /* HUDSystem.mm */,
			);
			name = "HUD System";
			sourceTree = "<group>";
		};
		033DCB6F128D7C9700C66D74 /* Game Logic System */ = {
			isa = PBXGroup;
			children = (
				033DCB70128D7C9700C66D74 /* GameLogicSystem.h */,
				033DCB71128D7C9700C66D74 /* GameLogicSystem.mm */,
			);
			name = "Game Logic System";
			sourceTree = "<group>";
		};
		033DCB7A128D7C9700C66D74 /* Player Control System */ = {
			isa = PBXGroup;
			children = (
				033DCB7B128D7C9700C66D74 /* PlayerControlledSystem.h */,
				033DCB7C128D7C9700C66D74 /* PlayerControlledSystem.mm */,
			);
			name = "Player Control System";
			sourceTree = "<group>";
		};
		033DCB80128D7C9700C66D74 /* Game Objects */ = {
			isa = PBXGroup;
			children = (
				03208C4B12942EB0009E8AAD /* blob_factory.h */,
				03208C4C12942EB0009E8AAD /* blob_factory.mm */,
			);
			name = "Game Objects";
			sourceTree = "<group>";
		};
		033DCB9B128D7C9700C66D74 /* Game */ = {
			isa = PBXGroup;
			children = (
				03B841C312A80054008D6D25 /* AppController.h */,
				03B841C412A80054008D6D25 /* AppController.m */,
				03B841C512A80054008D6D25 /* SystemConfig.h */,
				033DCBA4128D7C9700C66D74 /* globals.h */,
				033DCBA5128D7C9700C66D74 /* globals.mm */,
				0320275312A6DB1A00225F92 /* GAME LOOP + CO */,
				034F38761292DE1B00F54ABA /* Scenes */,
				033DCB80128D7C9700C66D74 /* Game Objects */,
				034F38551292DAD500F54ABA /* Game Components */,
				034F38631292DBE900F54ABA /* Game Systems */,
			);
			name = Game;
			sourceTree = "<group>";
		};
		034F38551292DAD500F54ABA /* Game Components */ = {
			isa = PBXGroup;
			children = (
				034F38561292DB0700F54ABA /* GameComponents.h */,
				034F38571292DB0700F54ABA /* GameComponents.mm */,
			);
			name = "Game Components";
			sourceTree = "<group>";
		};
		034F38631292DBE900F54ABA /* Game Systems */ = {
			isa = PBXGroup;
			children = (
				0322FACD12A3DD4900E4BFB4 /* BlobConnectionSystem */,
				030F1F441298196000093ABC /* Game Action System */,
				03208E0F12944DC8009E8AAD /* BlobAnimationSystem */,
				03208C7612943098009E8AAD /* GameBoardSystem */,
				033DCB7A128D7C9700C66D74 /* Player Control System */,
				033DCB6F128D7C9700C66D74 /* Game Logic System */,
				033DCB69128D7C9700C66D74 /* HUD System */,
			);
			name = "Game Systems";
			sourceTree = "<group>";
		};
		034F38761292DE1B00F54ABA /* Scenes */ = {
			isa = PBXGroup;
			children = (
				033DCB9E128D7C9700C66D74 /* Scene.h */,
				033DCB9F128D7C9700C66D74 /* Scene.mm */,
			);
			name = Scenes;
			sourceTree = "<group>";
		};
		03808DA612A80780009F7372 /* ComponentV3 */ = {
			isa = PBXGroup;
			children = (
				03808DA712A80780009F7372 /* Components */,
				03808DAA12A80780009F7372 /* ComponentV3.h */,
				03808DAB12A80780009F7372 /* Entity */,
				03808DAE12A80780009F7372 /* Entity Manager */,
				03808DB112A80780009F7372 /* Runtime */,
				03808E1712A80780009F7372 /* Systems */,
				03808E3112A80780009F7372 /* types.h */,
			);
			name = ComponentV3;
			path = FrameworkV3/Classes/ComponentV3;
			sourceTree = SOURCE_ROOT;
		};
		03808DA712A80780009F7372 /* Components */ = {
			isa = PBXGroup;
			children = (
				03808DA812A80780009F7372 /* Component.h */,
				03808DA912A80780009F7372 /* Component.mm */,
			);
			path = Components;
			sourceTree = "<group>";
		};
		03808DAB12A80780009F7372 /* Entity */ = {
			isa = PBXGroup;
			children = (
				03808DAC12A80780009F7372 /* Entity.h */,
				03808DAD12A80780009F7372 /* Entity.mm */,
			);
			path = Entity;
			sourceTree = "<group>";
		};
		03808DAE12A80780009F7372 /* Entity Manager */ = {
			isa = PBXGroup;
			children = (
				03808DAF12A80780009F7372 /* EntityManager.h */,
				03808DB012A80780009F7372 /* EntityManager.mm */,
			);
			path = "Entity Manager";
			sourceTree = "<group>";
		};
		03808DB112A80780009F7372 /* Runtime */ = {
			isa = PBXGroup;
			children = (
				03808DB212A80780009F7372 /* Audio */,
				03808DBD12A80780009F7372 /* Graphics */,
				03808DE112A80780009F7372 /* Input */,
				03808DE412A80780009F7372 /* Platforms */,
				03808E0D12A80780009F7372 /* Resource Managers */,
				03808E1212A80780009F7372 /* Util */,
			);
			path = Runtime;
			sourceTree = "<group>";
		};
		03808DB212A80780009F7372 /* Audio */ = {
			isa = PBXGroup;
			children = (
				03808DB312A80780009F7372 /* CocosDenshion */,
			);
			path = Audio;
			sourceTree = "<group>";
		};
		03808DB312A80780009F7372 /* CocosDenshion */ = {
			isa = PBXGroup;
			children = (
				03808DB412A80780009F7372 /* CDAudioManager.h */,
				03808DB512A80780009F7372 /* CDAudioManager.m */,
				03808DB612A80780009F7372 /* CDConfig.h */,
				03808DB712A80780009F7372 /* CDOpenALSupport.h */,
				03808DB812A80780009F7372 /* CDOpenALSupport.m */,
				03808DB912A80780009F7372 /* CocosDenshion.h */,
				03808DBA12A80780009F7372 /* CocosDenshion.m */,
				03808DBB12A80780009F7372 /* SimpleAudioEngine.h */,
				03808DBC12A80780009F7372 /* SimpleAudioEngine.m */,
			);
			path = CocosDenshion;
			sourceTree = "<group>";
		};
		03808DBD12A80780009F7372 /* Graphics */ = {
			isa = PBXGroup;
			children = (
				03808DBE12A80780009F7372 /* Font */,
				03808DC112A80780009F7372 /* Particle */,
				03808DD012A80780009F7372 /* RenderDevice.h */,
				03808DD112A80780009F7372 /* RenderDevice.mm */,
				03808DD212A80780009F7372 /* SOIL_iPhone */,
				03808DDD12A80780009F7372 /* Texture2D.h */,
				03808DDE12A80780009F7372 /* Texture2D.mm */,
				03808DDF12A80780009F7372 /* TexturedQuad.h */,
				03808DE012A80780009F7372 /* TexturedQuad.mm */,
			);
			path = Graphics;
			sourceTree = "<group>";
		};
		03808DBE12A80780009F7372 /* Font */ = {
			isa = PBXGroup;
			children = (
				03808DBF12A80780009F7372 /* bm_font.h */,
				03808DC012A80780009F7372 /* bm_font.mm */,
			);
			path = Font;
			sourceTree = "<group>";
		};
		03808DC112A80780009F7372 /* Particle */ = {
			isa = PBXGroup;
			children = (
				03808DC212A80780009F7372 /* Global.h */,
				03808DC312A80780009F7372 /* OBJCTexture2D.h */,
				03808DC412A80780009F7372 /* OBJCTexture2D.mm */,
				03808DC512A80780009F7372 /* Particle Emitter */,
				03808DCA12A80780009F7372 /* Structures.h */,
				03808DCB12A80780009F7372 /* TBXML */,
			);
			path = Particle;
			sourceTree = "<group>";
		};
		03808DC512A80780009F7372 /* Particle Emitter */ = {
			isa = PBXGroup;
			children = (
				03808DC612A80780009F7372 /* ParticleEmitter.h */,
				03808DC712A80780009F7372 /* ParticleEmitter.mm */,
				03808DC812A80780009F7372 /* TBXMLParticleAdditions.h */,
				03808DC912A80780009F7372 /* TBXMLParticleAdditions.m */,
			);
			path = "Particle Emitter";
			sourceTree = "<group>";
		};
		03808DCB12A80780009F7372 /* TBXML */ = {
			isa = PBXGroup;
			children = (
				03808DCC12A80780009F7372 /* NSDataAdditions.h */,
				03808DCD12A80780009F7372 /* NSDataAdditions.m */,
				03808DCE12A80780009F7372 /* TBXML.h */,
				03808DCF12A80780009F7372 /* TBXML.m */,
			);
			path = TBXML;
			sourceTree = "<group>";
		};
		03808DD212A80780009F7372 /* SOIL_iPhone */ = {
			isa = PBXGroup;
			children = (
				03808DD312A80780009F7372 /* image_DXT.h */,
				03808DD412A80780009F7372 /* image_DXT.mm */,
				03808DD512A80780009F7372 /* image_helper.h */,
				03808DD612A80780009F7372 /* image_helper.mm */,
				03808DD712A80780009F7372 /* SOIL.h */,
				03808DD812A80780009F7372 /* SOIL.mm */,
				03808DD912A80780009F7372 /* stb_image_aug.h */,
				03808DDA12A80780009F7372 /* stb_image_aug.mm */,
				03808DDB12A80780009F7372 /* stbi_DDS_aug.h */,
				03808DDC12A80780009F7372 /* stbi_DDS_aug_c.h */,
			);
			path = SOIL_iPhone;
			sourceTree = "<group>";
		};
		03808DE112A80780009F7372 /* Input */ = {
			isa = PBXGroup;
			children = (
				03808DE212A80780009F7372 /* InputDevice.h */,
				03808DE312A80780009F7372 /* InputDevice.mm */,
			);
			path = Input;
			sourceTree = "<group>";
		};
		03808DE412A80780009F7372 /* Platforms */ = {
			isa = PBXGroup;
			children = (
				03808DE512A80780009F7372 /* iOS */,
			);
			path = Platforms;
			sourceTree = "<group>";
		};
		03808DE512A80780009F7372 /* iOS */ = {
			isa = PBXGroup;
			children = (
				03808DE612A80780009F7372 /* EAGLView.h */,
				03808DE712A80780009F7372 /* EAGLView.mm */,
				03808DE812A80780009F7372 /* Facebook Sumbit Controller */,
				03808DEC12A80780009F7372 /* FBConnect */,
				03808E0512A80780009F7372 /* Main View Controller */,
				03808E0A12A80780009F7372 /* MainWindow.xib */,
				03808E0B12A80780009F7372 /* MXAppDelegate.h */,
				03808E0C12A80780009F7372 /* MXAppDelegate.mm */,
			);
			path = iOS;
			sourceTree = "<group>";
		};
		03808DE812A80780009F7372 /* Facebook Sumbit Controller */ = {
			isa = PBXGroup;
			children = (
				03808DE912A80780009F7372 /* FacebookSubmitController.h */,
				03808DEA12A80780009F7372 /* FacebookSubmitController.m */,
				03808DEB12A80780009F7372 /* FacebookSubmitController.xib */,
			);
			path = "Facebook Sumbit Controller";
			sourceTree = "<group>";
		};
		03808DEC12A80780009F7372 /* FBConnect */ = {
			isa = PBXGroup;
			children = (
				03808DED12A80780009F7372 /* Facebook.h */,
				03808DEE12A80780009F7372 /* Facebook.m */,
				03808DEF12A80780009F7372 /* FBConnect.h */,
				03808DF012A80780009F7372 /* FBDialog.bundle */,
				03808DF112A80780009F7372 /* FBDialog.h */,
				03808DF212A80780009F7372 /* FBDialog.m */,
				03808DF312A80780009F7372 /* FBLoginDialog.h */,
				03808DF412A80780009F7372 /* FBLoginDialog.m */,
				03808DF512A80780009F7372 /* FBRequest.h */,
				03808DF612A80780009F7372 /* FBRequest.m */,
				03808DF712A80780009F7372 /* JSON */,
			);
			path = FBConnect;
			sourceTree = "<group>";
		};
		03808DF712A80780009F7372 /* JSON */ = {
			isa = PBXGroup;
			children = (
				03808DF812A80780009F7372 /* JSON.h */,
				03808DF912A80780009F7372 /* NSObject+SBJSON.h */,
				03808DFA12A80780009F7372 /* NSObject+SBJSON.m */,
				03808DFB12A80780009F7372 /* NSString+SBJSON.h */,
				03808DFC12A80780009F7372 /* NSString+SBJSON.m */,
				03808DFD12A80780009F7372 /* SBJSON.h */,
				03808DFE12A80780009F7372 /* SBJSON.m */,
				03808DFF12A80780009F7372 /* SBJsonBase.h */,
				03808E0012A80780009F7372 /* SBJsonBase.m */,
				03808E0112A80780009F7372 /* SBJsonParser.h */,
				03808E0212A80780009F7372 /* SBJsonParser.m */,
				03808E0312A80780009F7372 /* SBJsonWriter.h */,
				03808E0412A80780009F7372 /* SBJsonWriter.m */,
			);
			path = JSON;
			sourceTree = "<group>";
		};
		03808E0512A80780009F7372 /* Main View Controller */ = {
			isa = PBXGroup;
			children = (
				03808E0612A80780009F7372 /* MainViewController.h */,
				03808E0712A80780009F7372 /* MainViewController.mm */,
				03808E0812A80780009F7372 /* MainViewController_landscape.xib */,
				03808E0912A80780009F7372 /* MainViewController_portrait.xib */,
			);
			path = "Main View Controller";
			sourceTree = "<group>";
		};
		03808E0D12A80780009F7372 /* Resource Managers */ = {
			isa = PBXGroup;
			children = (
				03808E0E12A80780009F7372 /* RenderableManager.h */,
				03808E0F12A80780009F7372 /* RenderableManager.mm */,
				03808E1012A80780009F7372 /* TextureManager.h */,
				03808E1112A80780009F7372 /* TextureManager.mm */,
			);
			path = "Resource Managers";
			sourceTree = "<group>";
		};
		03808E1212A80780009F7372 /* Util */ = {
			isa = PBXGroup;
			children = (
				03808E1312A80780009F7372 /* Timer.h */,
				03808E1412A80780009F7372 /* Timer.mm */,
				03808E1512A80780009F7372 /* util.cpp */,
				03808E1612A80780009F7372 /* util.h */,
			);
			path = Util;
			sourceTree = "<group>";
		};
		03808E1712A80780009F7372 /* Systems */ = {
			isa = PBXGroup;
			children = (
				03808E1812A80780009F7372 /* Action System */,
				03808E1C12A80780009F7372 /* Animation System */,
				03808E1F12A80780009F7372 /* Attachment System */,
				03808E2212A80780009F7372 /* Corpse Retrieval System */,
				03808E2512A80780009F7372 /* Movement System */,
				03808E2812A80780009F7372 /* Particle System */,
				03808E2B12A80780009F7372 /* Render System */,
				03808E2E12A80780009F7372 /* Sound System */,
			);
			path = Systems;
			sourceTree = "<group>";
		};
		03808E1812A80780009F7372 /* Action System */ = {
			isa = PBXGroup;
			children = (
				03808E1912A80780009F7372 /* Actions.h */,
				03808E1A12A80780009F7372 /* ActionSystem.h */,
				03808E1B12A80780009F7372 /* ActionSystem.mm */,
			);
			path = "Action System";
			sourceTree = "<group>";
		};
		03808E1C12A80780009F7372 /* Animation System */ = {
			isa = PBXGroup;
			children = (
				03808E1D12A80780009F7372 /* AnimationSystem.h */,
				03808E1E12A80780009F7372 /* AnimationSystem.mm */,
			);
			path = "Animation System";
			sourceTree = "<group>";
		};
		03808E1F12A80780009F7372 /* Attachment System */ = {
			isa = PBXGroup;
			children = (
				03808E2012A80780009F7372 /* AttachmentSystem.h */,
				03808E2112A80780009F7372 /* AttachmentSystem.mm */,
			);
			path = "Attachment System";
			sourceTree = "<group>";
		};
		03808E2212A80780009F7372 /* Corpse Retrieval System */ = {
			isa = PBXGroup;
			children = (
				03808E2312A80780009F7372 /* CorpseRetrievalSystem.h */,
				03808E2412A80780009F7372 /* CorpseRetrievalSystem.mm */,
			);
			path = "Corpse Retrieval System";
			sourceTree = "<group>";
		};
		03808E2512A80780009F7372 /* Movement System */ = {
			isa = PBXGroup;
			children = (
				03808E2612A80780009F7372 /* MovementSystem.h */,
				03808E2712A80780009F7372 /* MovementSystem.mm */,
			);
			path = "Movement System";
			sourceTree = "<group>";
		};
		03808E2812A80780009F7372 /* Particle System */ = {
			isa = PBXGroup;
			children = (
				03808E2912A80780009F7372 /* ParticleSystem.h */,
				03808E2A12A80780009F7372 /* ParticleSystem.mm */,
			);
			path = "Particle System";
			sourceTree = "<group>";
		};
		03808E2B12A80780009F7372 /* Render System */ = {
			isa = PBXGroup;
			children = (
				03808E2C12A80780009F7372 /* RenderSystem.h */,
				03808E2D12A80780009F7372 /* RenderSystem.mm */,
			);
			path = "Render System";
			sourceTree = "<group>";
		};
		03808E2E12A80780009F7372 /* Sound System */ = {
			isa = PBXGroup;
			children = (
				03808E2F12A80780009F7372 /* SoundSystem.h */,
				03808E3012A80780009F7372 /* SoundSystem.mm */,
			);
			path = "Sound System";
			sourceTree = "<group>";
		};
		03EDF865128D81B50086763A /* Resources */ = {
			isa = PBXGroup;
			children = (
				0320275812A6DD3500225F92 /* music.mp3 */,
				03B1870D12A5324B0026F38B /* blue.png */,
				03B1870E12A5324B0026F38B /* cyan.png */,
				03B1870F12A5324B0026F38B /* green.png */,
				03B1868312A526800026F38B /* red.png */,
				03B1868412A526800026F38B /* yellow.png */,
				0322F9F312A3D29F00E4BFB4 /* Landung.png */,
				03D5721712A04F9900C5AF7C /* white.png */,
				03D5702612A02AA500C5AF7C /* bof.pex */,
				03D56F6112A01C1E00C5AF7C /* monstah.pex */,
				03D56F2312A0182800C5AF7C /* lolpatrol.pex */,
				03D56F0F12A0174200C5AF7C /* sun2.pex */,
				03D56EFE12A016B600C5AF7C /* sun.pex */,
				03D56EB212A0137000C5AF7C /* explosion.pex */,
				03D56C44129FF58800C5AF7C /* stars.pex */,
				03208C4912942E68009E8AAD /* red_blob_anims.png */,
				03D56FD612A024C600C5AF7C /* lolsterne.pex */,
				03208C3A12942DC8009E8AAD /* game_board.png */,
				03D56E6212A00E8800C5AF7C /* plasmawurst.pex */,
				03208BF612942AF0009E8AAD /* mockup.png */,
				03EDFB7A128DB17B0086763A /* Icon.png */,
				03EDF867128D81B50086763A /* bg.png */,
				03EDF871128D81B50086763A /* panzer.fnt */,
				03EDF872128D81B50086763A /* panzer.png */,
				03EDF875128D81B50086763A /* visitor_18.fnt */,
				03EDF876128D81B50086763A /* visitor_18.png */,
				03EDF877128D81B50086763A /* visitor_24.fnt */,
				03EDF878128D81B50086763A /* visitor_24.png */,
				03EDF879128D81B50086763A /* visitor_32.fnt */,
				03EDF87A128D81B50086763A /* visitor_32.png */,
				03EDF87B128D81B50086763A /* zomg.fnt */,
				03EDF87C128D81B50086763A /* zomg.png */,
			);
			path = Resources;
			sourceTree = "<group>";
		};
		080E96DDFE201D6D7F000001 /* Classes */ = {
			isa = PBXGroup;
			children = (
				03808DA612A80780009F7372 /* ComponentV3 */,
				033DCB9B128D7C9700C66D74 /* Game */,
			);
			path = Classes;
			sourceTree = "<group>";
		};
		19C28FACFE9D520D11CA2CBB /* Products */ = {
			isa = PBXGroup;
			children = (
				1D6058910D05DD3D006BFB54 /* Donnerfaust.app */,
			);
			name = Products;
			sourceTree = "<group>";
		};
		29B97314FDCFA39411CA2CEA /* CustomTemplate */ = {
			isa = PBXGroup;
			children = (
				03EDFB96128DB2780086763A /* Donnerfaust-Info.plist */,
				03EDFB3D128DADBA0086763A /* Entitlements.plist */,
				03EDFB3E128DADBA0086763A /* EntitlementsDebug.plist */,
				080E96DDFE201D6D7F000001 /* Classes */,
				29B97315FDCFA39411CA2CEA /* Other Sources */,
				03EDF865128D81B50086763A /* Resources */,
				29B97323FDCFA39411CA2CEA /* Frameworks */,
				19C28FACFE9D520D11CA2CBB /* Products */,
				03EDF954128D8EC10086763A /* AVFoundation.framework */,
				03EDF956128D8EC70086763A /* AudioToolbox.framework */,
				03A847E3128ED43B006EACB3 /* OpenAL.framework */,
			);
			name = CustomTemplate;
			sourceTree = "<group>";
		};
		29B97315FDCFA39411CA2CEA /* Other Sources */ = {
			isa = PBXGroup;
			children = (
				033DCBD3128D7CB700C66D74 /* Donnerfaust_Prefix.pch */,
				03EDF8A8128D822D0086763A /* main.mm */,
			);
			name = "Other Sources";
			sourceTree = "<group>";
		};
		29B97323FDCFA39411CA2CEA /* Frameworks */ = {
			isa = PBXGroup;
			children = (
				1DF5F4DF0D08C38300B7A737 /* UIKit.framework */,
				1D30AB110D05D00D00671497 /* Foundation.framework */,
				288765FC0DF74451002DB57D /* CoreGraphics.framework */,
				033DCC0A128D7D5D00C66D74 /* OpenGLES.framework */,
				033DCC0C128D7D6F00C66D74 /* QuartzCore.framework */,
				03D56C40129FF54E00C5AF7C /* libz.dylib */,
			);
			name = Frameworks;
			sourceTree = "<group>";
		};
/* End PBXGroup section */

/* Begin PBXNativeTarget section */
		1D6058900D05DD3D006BFB54 /* Donnerfaust */ = {
			isa = PBXNativeTarget;
			buildConfigurationList = 1D6058960D05DD3E006BFB54 /* Build configuration list for PBXNativeTarget "Donnerfaust" */;
			buildPhases = (
				1D60588D0D05DD3D006BFB54 /* Resources */,
				1D60588E0D05DD3D006BFB54 /* Sources */,
				1D60588F0D05DD3D006BFB54 /* Frameworks */,
			);
			buildRules = (
			);
			dependencies = (
			);
			name = Donnerfaust;
			productName = ComponentV3;
			productReference = 1D6058910D05DD3D006BFB54 /* Donnerfaust.app */;
			productType = "com.apple.product-type.application";
		};
/* End PBXNativeTarget section */

/* Begin PBXProject section */
		29B97313FDCFA39411CA2CEA /* Project object */ = {
			isa = PBXProject;
			buildConfigurationList = C01FCF4E08A954540054247B /* Build configuration list for PBXProject "Donnerfaust" */;
			compatibilityVersion = "Xcode 3.1";
			developmentRegion = English;
			hasScannedForEncodings = 1;
			knownRegions = (
				English,
				Japanese,
				French,
				German,
			);
			mainGroup = 29B97314FDCFA39411CA2CEA /* CustomTemplate */;
			projectDirPath = "";
			projectRoot = "";
			targets = (
				1D6058900D05DD3D006BFB54 /* Donnerfaust */,
			);
		};
/* End PBXProject section */

/* Begin PBXResourcesBuildPhase section */
		1D60588D0D05DD3D006BFB54 /* Resources */ = {
			isa = PBXResourcesBuildPhase;
			buildActionMask = 2147483647;
			files = (
				03EDF87E128D81B50086763A /* bg.png in Resources */,
				03EDF888128D81B50086763A /* panzer.fnt in Resources */,
				03EDF889128D81B50086763A /* panzer.png in Resources */,
				03EDF88C128D81B50086763A /* visitor_18.fnt in Resources */,
				03EDF88D128D81B50086763A /* visitor_18.png in Resources */,
				03EDF88E128D81B50086763A /* visitor_24.fnt in Resources */,
				03EDF88F128D81B50086763A /* visitor_24.png in Resources */,
				03EDF890128D81B50086763A /* visitor_32.fnt in Resources */,
				03EDF891128D81B50086763A /* visitor_32.png in Resources */,
				03EDF892128D81B50086763A /* zomg.fnt in Resources */,
				03EDF893128D81B50086763A /* zomg.png in Resources */,
				03EDFB3F128DADBA0086763A /* Entitlements.plist in Resources */,
				03EDFB40128DADBA0086763A /* EntitlementsDebug.plist in Resources */,
				03EDFB7B128DB17B0086763A /* Icon.png in Resources */,
				03208BF712942AF0009E8AAD /* mockup.png in Resources */,
				03208C3B12942DC8009E8AAD /* game_board.png in Resources */,
				03208C4A12942E68009E8AAD /* red_blob_anims.png in Resources */,
				03D56C45129FF58800C5AF7C /* stars.pex in Resources */,
				03D56E6312A00E8800C5AF7C /* plasmawurst.pex in Resources */,
				03D56EB312A0137000C5AF7C /* explosion.pex in Resources */,
				03D56EFF12A016B600C5AF7C /* sun.pex in Resources */,
				03D56F1012A0174200C5AF7C /* sun2.pex in Resources */,
				03D56F2412A0182800C5AF7C /* lolpatrol.pex in Resources */,
				03D56F6212A01C1E00C5AF7C /* monstah.pex in Resources */,
				03D56FD712A024C600C5AF7C /* lolsterne.pex in Resources */,
				03D5702712A02AA500C5AF7C /* bof.pex in Resources */,
				03D5721812A04F9900C5AF7C /* white.png in Resources */,
				0322FA0212A3D29F00E4BFB4 /* Landung.png in Resources */,
				03B1868512A526800026F38B /* red.png in Resources */,
				03B1868612A526800026F38B /* yellow.png in Resources */,
				03B1871012A5324B0026F38B /* blue.png in Resources */,
				03B1871112A5324B0026F38B /* cyan.png in Resources */,
				03B1871212A5324B0026F38B /* green.png in Resources */,
				0320275912A6DD3500225F92 /* music.mp3 in Resources */,
				03808E4912A80780009F7372 /* FacebookSubmitController.xib in Resources */,
				03808E4B12A80780009F7372 /* FBDialog.bundle in Resources */,
				03808E5612A80780009F7372 /* MainViewController_landscape.xib in Resources */,
				03808E5712A80780009F7372 /* MainViewController_portrait.xib in Resources */,
				03808E5812A80780009F7372 /* MainWindow.xib in Resources */,
			);
			runOnlyForDeploymentPostprocessing = 0;
		};
/* End PBXResourcesBuildPhase section */

/* Begin PBXSourcesBuildPhase section */
		1D60588E0D05DD3D006BFB54 /* Sources */ = {
			isa = PBXSourcesBuildPhase;
			buildActionMask = 2147483647;
			files = (
				033DCBAC128D7C9700C66D74 /* HUDSystem.mm in Sources */,
				033DCBAE128D7C9700C66D74 /* GameLogicSystem.mm in Sources */,
				033DCBB1128D7C9700C66D74 /* PlayerControlledSystem.mm in Sources */,
				033DCBBD128D7C9700C66D74 /* Scene.mm in Sources */,
				033DCBC0128D7C9700C66D74 /* globals.mm in Sources */,
				03EDF8A9128D822D0086763A /* main.mm in Sources */,
				034F38581292DB0700F54ABA /* GameComponents.mm in Sources */,
				03208C4D12942EB0009E8AAD /* blob_factory.mm in Sources */,
				03208C79129430A8009E8AAD /* GameBoardSystem.mm in Sources */,
				03208E1212944DDA009E8AAD /* BlobAnimationSystem.mm in Sources */,
				030F1F471298196E00093ABC /* GameActionSystem.mm in Sources */,
				0322FAD012A3DD5900E4BFB4 /* BlobConnectionSystem.mm in Sources */,
				0320271712A6D5B700225F92 /* Game.mm in Sources */,
				03B841C612A80054008D6D25 /* AppController.m in Sources */,
				03808E3212A80780009F7372 /* Component.mm in Sources */,
				03808E3312A80780009F7372 /* Entity.mm in Sources */,
				03808E3412A80780009F7372 /* EntityManager.mm in Sources */,
				03808E3512A80780009F7372 /* CDAudioManager.m in Sources */,
				03808E3612A80780009F7372 /* CDOpenALSupport.m in Sources */,
				03808E3712A80780009F7372 /* CocosDenshion.m in Sources */,
				03808E3812A80780009F7372 /* SimpleAudioEngine.m in Sources */,
				03808E3912A80780009F7372 /* bm_font.mm in Sources */,
				03808E3A12A80780009F7372 /* OBJCTexture2D.mm in Sources */,
				03808E3B12A80780009F7372 /* ParticleEmitter.mm in Sources */,
				03808E3C12A80780009F7372 /* TBXMLParticleAdditions.m in Sources */,
				03808E3D12A80780009F7372 /* NSDataAdditions.m in Sources */,
				03808E3E12A80780009F7372 /* TBXML.m in Sources */,
				03808E3F12A80780009F7372 /* RenderDevice.mm in Sources */,
				03808E4012A80780009F7372 /* image_DXT.mm in Sources */,
				03808E4112A80780009F7372 /* image_helper.mm in Sources */,
				03808E4212A80780009F7372 /* SOIL.mm in Sources */,
				03808E4312A80780009F7372 /* stb_image_aug.mm in Sources */,
				03808E4412A80780009F7372 /* Texture2D.mm in Sources */,
				03808E4512A80780009F7372 /* TexturedQuad.mm in Sources */,
				03808E4612A80780009F7372 /* InputDevice.mm in Sources */,
				03808E4712A80780009F7372 /* EAGLView.mm in Sources */,
				03808E4812A80780009F7372 /* FacebookSubmitController.m in Sources */,
				03808E4A12A80780009F7372 /* Facebook.m in Sources */,
				03808E4C12A80780009F7372 /* FBDialog.m in Sources */,
				03808E4D12A80780009F7372 /* FBLoginDialog.m in Sources */,
				03808E4E12A80780009F7372 /* FBRequest.m in Sources */,
				03808E4F12A80780009F7372 /* NSObject+SBJSON.m in Sources */,
				03808E5012A80780009F7372 /* NSString+SBJSON.m in Sources */,
				03808E5112A80780009F7372 /* SBJSON.m in Sources */,
				03808E5212A80780009F7372 /* SBJsonBase.m in Sources */,
				03808E5312A80780009F7372 /* SBJsonParser.m in Sources */,
				03808E5412A80780009F7372 /* SBJsonWriter.m in Sources */,
				03808E5512A80780009F7372 /* MainViewController.mm in Sources */,
				03808E5912A80780009F7372 /* MXAppDelegate.mm in Sources */,
				03808E5A12A80780009F7372 /* RenderableManager.mm in Sources */,
				03808E5B12A80780009F7372 /* TextureManager.mm in Sources */,
				03808E5C12A80780009F7372 /* Timer.mm in Sources */,
				03808E5D12A80780009F7372 /* util.cpp in Sources */,
				03808E5E12A80780009F7372 /* ActionSystem.mm in Sources */,
				03808E5F12A80780009F7372 /* AnimationSystem.mm in Sources */,
				03808E6012A80780009F7372 /* AttachmentSystem.mm in Sources */,
				03808E6112A80780009F7372 /* CorpseRetrievalSystem.mm in Sources */,
				03808E6212A80780009F7372 /* MovementSystem.mm in Sources */,
				03808E6312A80780009F7372 /* ParticleSystem.mm in Sources */,
				03808E6412A80780009F7372 /* RenderSystem.mm in Sources */,
				03808E6512A80780009F7372 /* SoundSystem.mm in Sources */,
			);
			runOnlyForDeploymentPostprocessing = 0;
		};
/* End PBXSourcesBuildPhase section */

/* Begin XCBuildConfiguration section */
		03EDFB15128DACA50086763A /* Ad-Hoc */ = {
			isa = XCBuildConfiguration;
			buildSettings = {
				ARCHS = "$(ARCHS_STANDARD_32_BIT)";
				CODE_SIGN_ENTITLEMENTS = Entitlements.plist;
				"CODE_SIGN_IDENTITY[sdk=iphoneos*]" = "iPhone Distribution: Jaroslaw Szpilewski";
				GCC_C_LANGUAGE_STANDARD = c99;
				GCC_VERSION = com.apple.compilers.llvmgcc42;
				GCC_WARN_ABOUT_RETURN_TYPE = YES;
				GCC_WARN_UNUSED_VARIABLE = YES;
				OTHER_CFLAGS = "-DNS_BLOCK_ASSERTIONS=1";
				PREBINDING = NO;
				"PROVISIONING_PROFILE[sdk=iphoneos*]" = "2B52CCCB-FFDC-4D4A-B3C2-960BABDED001";
				SDKROOT = iphoneos;
			};
			name = "Ad-Hoc";
		};
		03EDFB16128DACA50086763A /* Ad-Hoc */ = {
			isa = XCBuildConfiguration;
			buildSettings = {
				ALWAYS_SEARCH_USER_PATHS = NO;
				COPY_PHASE_STRIP = YES;
				GCC_PRECOMPILE_PREFIX_HEADER = YES;
				GCC_PREFIX_HEADER = Donnerfaust_Prefix.pch;
				INFOPLIST_FILE = "Donnerfaust-Info.plist";
				PRODUCT_NAME = Donnerfaust;
				VALIDATE_PRODUCT = YES;
			};
			name = "Ad-Hoc";
		};
		1D6058940D05DD3E006BFB54 /* Debug */ = {
			isa = XCBuildConfiguration;
			buildSettings = {
				ALWAYS_SEARCH_USER_PATHS = NO;
				COPY_PHASE_STRIP = NO;
				GCC_DYNAMIC_NO_PIC = NO;
				GCC_OPTIMIZATION_LEVEL = 0;
				GCC_PRECOMPILE_PREFIX_HEADER = YES;
				GCC_PREFIX_HEADER = Donnerfaust_Prefix.pch;
				INFOPLIST_FILE = "Donnerfaust-Info.plist";
				PRODUCT_NAME = Donnerfaust;
			};
			name = Debug;
		};
		1D6058950D05DD3E006BFB54 /* Release */ = {
			isa = XCBuildConfiguration;
			buildSettings = {
				ALWAYS_SEARCH_USER_PATHS = NO;
				COPY_PHASE_STRIP = YES;
				GCC_PRECOMPILE_PREFIX_HEADER = YES;
				GCC_PREFIX_HEADER = Donnerfaust_Prefix.pch;
				INFOPLIST_FILE = "Donnerfaust-Info.plist";
				PRODUCT_NAME = Donnerfaust;
				VALIDATE_PRODUCT = YES;
			};
			name = Release;
		};
		C01FCF4F08A954540054247B /* Debug */ = {
			isa = XCBuildConfiguration;
			buildSettings = {
				ARCHS = "$(ARCHS_STANDARD_32_BIT)";
				CODE_SIGN_ENTITLEMENTS = EntitlementsDebug.plist;
				"CODE_SIGN_IDENTITY[sdk=iphoneos*]" = "iPhone Developer";
				GCC_C_LANGUAGE_STANDARD = c99;
				GCC_VERSION = com.apple.compilers.llvmgcc42;
				GCC_WARN_ABOUT_RETURN_TYPE = YES;
				GCC_WARN_UNUSED_VARIABLE = YES;
				PREBINDING = NO;
				"PROVISIONING_PROFILE[sdk=iphoneos*]" = "";
				SDKROOT = iphoneos;
			};
			name = Debug;
		};
		C01FCF5008A954540054247B /* Release */ = {
			isa = XCBuildConfiguration;
			buildSettings = {
				ARCHS = "$(ARCHS_STANDARD_32_BIT)";
				CODE_SIGN_ENTITLEMENTS = EntitlementsDebug.plist;
				"CODE_SIGN_IDENTITY[sdk=iphoneos*]" = "iPhone Developer: Jaroslaw Szpilewski (4M65AH57PH)";
				GCC_C_LANGUAGE_STANDARD = c99;
				GCC_VERSION = com.apple.compilers.llvmgcc42;
				GCC_WARN_ABOUT_RETURN_TYPE = YES;
				GCC_WARN_UNUSED_VARIABLE = YES;
				OTHER_CFLAGS = "-DNS_BLOCK_ASSERTIONS=1";
				PREBINDING = NO;
				"PROVISIONING_PROFILE[sdk=iphoneos*]" = "CE2D2884-90BB-4961-9234-14481A2D911D";
				SDKROOT = iphoneos;
			};
			name = Release;
		};
/* End XCBuildConfiguration section */

/* Begin XCConfigurationList section */
		1D6058960D05DD3E006BFB54 /* Build configuration list for PBXNativeTarget "Donnerfaust" */ = {
			isa = XCConfigurationList;
			buildConfigurations = (
				1D6058940D05DD3E006BFB54 /* Debug */,
				1D6058950D05DD3E006BFB54 /* Release */,
				03EDFB16128DACA50086763A /* Ad-Hoc */,
			);
			defaultConfigurationIsVisible = 0;
			defaultConfigurationName = Release;
		};
		C01FCF4E08A954540054247B /* Build configuration list for PBXProject "Donnerfaust" */ = {
			isa = XCConfigurationList;
			buildConfigurations = (
				C01FCF4F08A954540054247B /* Debug */,
				C01FCF5008A954540054247B /* Release */,
				03EDFB15128DACA50086763A /* Ad-Hoc */,
			);
			defaultConfigurationIsVisible = 0;
			defaultConfigurationName = Release;
		};
/* End XCConfigurationList section */
	};
	rootObject = 29B97313FDCFA39411CA2CEA /* Project object */;
}
